<?xml version="1.0" encoding="utf-8"?>
<Project ToolsVersion="18.0" xmlns="http://schemas.microsoft.com/developer/msbuild/2003">
  <ItemGroup>
    <ClCompile Include="D:\MHWS\REFramework\dependencies\glm\glm\detail\glm.cpp">
      <Filter>dependencies\glm\glm\detail</Filter>
    </ClCompile>
  </ItemGroup>
  <ItemGroup>
    <CustomBuild Include="D:\MHWS\REFramework\CMakeLists.txt" />
  </ItemGroup>
  <ItemGroup>
    <None Include="D:\MHWS\REFramework\cmake.toml" />
  </ItemGroup>
  <ItemGroup>
    <Filter Include="dependencies">
      <UniqueIdentifier>{0D002B5E-6FBC-3199-9767-27E954F443AE}</UniqueIdentifier>
    </Filter>
    <Filter Include="dependencies\glm">
      <UniqueIdentifier>{C90EC4B1-BAC8-3E69-B724-FFF7270ED5F7}</UniqueIdentifier>
    </Filter>
    <Filter Include="dependencies\glm\glm">
      <UniqueIdentifier>{89DF4D00-CDD1-3EF3-831B-D88722EBD0D8}</UniqueIdentifier>
    </Filter>
    <Filter Include="dependencies\glm\glm\detail">
      <UniqueIdentifier>{099C786D-364F-338B-82B8-57BF40C4D7A3}</UniqueIdentifier>
    </Filter>
  </ItemGroup>
</Project>
