<?xml version="1.0" encoding="utf-8"?>
<Project ToolsVersion="18.0" xmlns="http://schemas.microsoft.com/developer/msbuild/2003">
  <ItemGroup>
    <ClCompile Include="D:\MHWS\REFramework\dependencies\imguizmo\GraphEditor.cpp">
      <Filter>dependencies\imguizmo</Filter>
    </ClCompile>
    <ClCompile Include="D:\MHWS\REFramework\dependencies\imguizmo\ImCurveEdit.cpp">
      <Filter>dependencies\imguizmo</Filter>
    </ClCompile>
    <ClCompile Include="D:\MHWS\REFramework\dependencies\imguizmo\ImGradient.cpp">
      <Filter>dependencies\imguizmo</Filter>
    </ClCompile>
    <ClCompile Include="D:\MHWS\REFramework\dependencies\imguizmo\ImGuizmo.cpp">
      <Filter>dependencies\imguizmo</Filter>
    </ClCompile>
    <ClCompile Include="D:\MHWS\REFramework\dependencies\imguizmo\ImSequencer.cpp">
      <Filter>dependencies\imguizmo</Filter>
    </ClCompile>
  </ItemGroup>
  <ItemGroup>
    <CustomBuild Include="D:\MHWS\REFramework\CMakeLists.txt" />
  </ItemGroup>
  <ItemGroup>
    <None Include="D:\MHWS\REFramework\cmake.toml" />
  </ItemGroup>
  <ItemGroup>
    <Filter Include="dependencies">
      <UniqueIdentifier>{0D002B5E-6FBC-3199-9767-27E954F443AE}</UniqueIdentifier>
    </Filter>
    <Filter Include="dependencies\imguizmo">
      <UniqueIdentifier>{2D3BA707-6430-3871-855E-45ED57817F29}</UniqueIdentifier>
    </Filter>
  </ItemGroup>
</Project>
