
Microsoft Visual Studio Solution File, Format Version 12.00
# Visual Studio Version 18
Project("{2150E333-8FDC-42A3-9474-1A3956D46DE8}") = "CMake predefined targets", "CMake predefined targets", "{9E84B1A7-C83E-326F-8541-37D39C355A09}"
EndProject
Project("{2150E333-8FDC-42A3-9474-1A3956D46DE8}") = "CTestDashboardTargets", "CTestDashboardTargets", "{F277E4C4-D71B-39FF-8852-C54C63AA47CD}"
EndProject
Project("{2150E333-8FDC-42A3-9474-1A3956D46DE8}") = "Generated", "Generated", "{CE140BAB-9E40-3914-89A9-265960DBBD01}"
EndProject
Project("{2150E333-8FDC-42A3-9474-1A3956D46DE8}") = "Helpers", "Helpers", "{A7E48575-C461-3FA5-8FA2-B24DF74F3A15}"
EndProject
Project("{2150E333-8FDC-42A3-9474-1A3956D46DE8}") = "Loader", "Loader", "{BB04E9E2-8401-340C-8094-5B66AFC60207}"
EndProject
Project("{8BC9CEB8-8B4A-11D0-8D11-00A0C91BC942}") = "ALL_BUILD", "ALL_BUILD.vcxproj", "{887BC8AF-6384-33A2-9B2A-E4A7C01424DF}"
	ProjectSection(ProjectDependencies) = postProject
		{4A037A88-228C-3B15-BA8C-65A140B26859} = {4A037A88-228C-3B15-BA8C-65A140B26859}
		{77613F65-A24D-3651-9BCC-7ABDB34A0913} = {77613F65-A24D-3651-9BCC-7ABDB34A0913}
		{496284C0-3AFA-3755-B30A-E294648933A9} = {496284C0-3AFA-3755-B30A-E294648933A9}
		{F52ACAB4-65A1-39A2-BACE-F2973B1A279F} = {F52ACAB4-65A1-39A2-BACE-F2973B1A279F}
		{2C21A679-F3BA-35D2-B50A-20F4401A0BC6} = {2C21A679-F3BA-35D2-B50A-20F4401A0BC6}
		{7FC1FA38-990C-39D7-841C-739987BDF183} = {7FC1FA38-990C-39D7-841C-739987BDF183}
		{44D11FBE-2792-3F70-8296-C8E055CC33C1} = {44D11FBE-2792-3F70-8296-C8E055CC33C1}
		{2EF796B2-EEF0-3923-94DD-F1DA56CF3E0D} = {2EF796B2-EEF0-3923-94DD-F1DA56CF3E0D}
		{A64ED225-E87E-3ED3-85D8-ED5E06C1CC6F} = {A64ED225-E87E-3ED3-85D8-ED5E06C1CC6F}
		{C6F135B5-B9AF-386C-8F1E-4F52D1233EEC} = {C6F135B5-B9AF-386C-8F1E-4F52D1233EEC}
		{3B02FB6E-6E38-317D-8D9D-E70B4C87E978} = {3B02FB6E-6E38-317D-8D9D-E70B4C87E978}
		{D8D8C4E6-B7E1-3E79-9816-13E80AD53CC4} = {D8D8C4E6-B7E1-3E79-9816-13E80AD53CC4}
		{C764D1AC-0FA4-3518-90C0-D945321B6C30} = {C764D1AC-0FA4-3518-90C0-D945321B6C30}
		{78A531F1-806F-3A30-8C0C-A83AE4184A47} = {78A531F1-806F-3A30-8C0C-A83AE4184A47}
		{759B974D-8A7E-3021-8446-CFB5E5E7E551} = {759B974D-8A7E-3021-8446-CFB5E5E7E551}
		{F1C50DE5-3ADD-380A-AF0B-831E68703235} = {F1C50DE5-3ADD-380A-AF0B-831E68703235}
		{31F211C1-C675-3FD5-BFA7-17E7CAA91815} = {31F211C1-C675-3FD5-BFA7-17E7CAA91815}
		{9CA014CF-A763-3D5F-B98B-F2465926FADF} = {9CA014CF-A763-3D5F-B98B-F2465926FADF}
		{BB269532-8A3F-3872-A737-E181D357A873} = {BB269532-8A3F-3872-A737-E181D357A873}
		{A13518A2-317E-3575-9C7B-F87FE59AE7D4} = {A13518A2-317E-3575-9C7B-F87FE59AE7D4}
		{F2ECD723-A434-381C-A3F0-97DE5AE5E639} = {F2ECD723-A434-381C-A3F0-97DE5AE5E639}
		{9CB11187-6BE1-3B6D-A4C9-5DC582638B35} = {9CB11187-6BE1-3B6D-A4C9-5DC582638B35}
		{97D823C3-130D-3629-93B7-E458A57DCCED} = {97D823C3-130D-3629-93B7-E458A57DCCED}
		{13FEFE95-F625-390F-B661-529AE8321771} = {13FEFE95-F625-390F-B661-529AE8321771}
		{CEED1D3F-9E58-3A17-808E-FA10FD74F4AF} = {CEED1D3F-9E58-3A17-808E-FA10FD74F4AF}
		{3C13EEF9-80AF-321E-9619-AC03A84F6AD3} = {3C13EEF9-80AF-321E-9619-AC03A84F6AD3}
		{848FF486-3FE8-320B-A847-CE3DF5438DE0} = {848FF486-3FE8-320B-A847-CE3DF5438DE0}
		{19CB701C-8F01-37C1-B217-F43BD5C168F5} = {19CB701C-8F01-37C1-B217-F43BD5C168F5}
		{52FA7EBA-41CB-3703-A4BB-BFC773144FFF} = {52FA7EBA-41CB-3703-A4BB-BFC773144FFF}
		{23DD1EFA-19AB-38EC-9269-A902550AD3E2} = {23DD1EFA-19AB-38EC-9269-A902550AD3E2}
		{68714C0C-9D15-3C86-BCA3-D144383AA09D} = {68714C0C-9D15-3C86-BCA3-D144383AA09D}
		{C2B70525-C8F7-377B-9001-BF4A906FA9A8} = {C2B70525-C8F7-377B-9001-BF4A906FA9A8}
		{4EC0E5FC-D013-32F8-9339-C3680E7998DF} = {4EC0E5FC-D013-32F8-9339-C3680E7998DF}
		{E530CC3B-F452-364C-B8E6-34902E820ACB} = {E530CC3B-F452-364C-B8E6-34902E820ACB}
		{2E1E7F7A-2404-3981-940A-9B4C8F50717A} = {2E1E7F7A-2404-3981-940A-9B4C8F50717A}
		{50B23506-E0E2-34F9-9B79-C6B91EB84B5C} = {50B23506-E0E2-34F9-9B79-C6B91EB84B5C}
		{9F6F19F1-A405-3402-9753-3A06580EB54E} = {9F6F19F1-A405-3402-9753-3A06580EB54E}
		{327F8752-F4F5-315E-B4D1-8D931139DBAD} = {327F8752-F4F5-315E-B4D1-8D931139DBAD}
		{1AB696FC-A832-39AD-8C00-C77204B324DB} = {1AB696FC-A832-39AD-8C00-C77204B324DB}
		{FFFA8B1F-FF6A-3B44-A903-F481EE9FBA87} = {FFFA8B1F-FF6A-3B44-A903-F481EE9FBA87}
		{51CDBB4F-29CA-35BA-8DC3-F85BE5819BD2} = {51CDBB4F-29CA-35BA-8DC3-F85BE5819BD2}
		{72D1E9B4-99FF-3274-B237-657696F29933} = {72D1E9B4-99FF-3274-B237-657696F29933}
		{DFFEA803-223A-3D1A-8ECF-58C4FA7294E2} = {DFFEA803-223A-3D1A-8ECF-58C4FA7294E2}
		{88A9ED52-82EA-3679-80A3-345FBE8E298D} = {88A9ED52-82EA-3679-80A3-345FBE8E298D}
		{7FF61DC3-720D-3215-AB16-DAED644A01FA} = {7FF61DC3-720D-3215-AB16-DAED644A01FA}
		{6AF1AF5B-0A8E-3741-941F-70548B350062} = {6AF1AF5B-0A8E-3741-941F-70548B350062}
		{B6F93E2E-A6B3-3029-8C33-DBCA5F05B9B1} = {B6F93E2E-A6B3-3029-8C33-DBCA5F05B9B1}
		{6F35A46B-BF81-3239-A427-55E09C3FECFE} = {6F35A46B-BF81-3239-A427-55E09C3FECFE}
		{2A2BDF38-BBD0-358A-B6B4-F195600792AA} = {2A2BDF38-BBD0-358A-B6B4-F195600792AA}
		{04F2A1CF-D80E-391F-93D8-B237A75DCE25} = {04F2A1CF-D80E-391F-93D8-B237A75DCE25}
		{A778F2A1-5B1C-3A7C-A17A-533DA8817EA7} = {A778F2A1-5B1C-3A7C-A17A-533DA8817EA7}
	EndProjectSection
EndProject
Project("{8BC9CEB8-8B4A-11D0-8D11-00A0C91BC942}") = "Continuous", "_deps\directxtk-build\Continuous.vcxproj", "{04C1435F-67F6-31DF-B94F-D27D8BE42956}"
	ProjectSection(ProjectDependencies) = postProject
		{68714C0C-9D15-3C86-BCA3-D144383AA09D} = {68714C0C-9D15-3C86-BCA3-D144383AA09D}
	EndProjectSection
EndProject
Project("{8BC9CEB8-8B4A-11D0-8D11-00A0C91BC942}") = "DD2", "DD2.vcxproj", "{4A037A88-228C-3B15-BA8C-65A140B26859}"
	ProjectSection(ProjectDependencies) = postProject
		{77613F65-A24D-3651-9BCC-7ABDB34A0913} = {77613F65-A24D-3651-9BCC-7ABDB34A0913}
		{2C21A679-F3BA-35D2-B50A-20F4401A0BC6} = {2C21A679-F3BA-35D2-B50A-20F4401A0BC6}
		{7FC1FA38-990C-39D7-841C-739987BDF183} = {7FC1FA38-990C-39D7-841C-739987BDF183}
		{68714C0C-9D15-3C86-BCA3-D144383AA09D} = {68714C0C-9D15-3C86-BCA3-D144383AA09D}
		{C50728EC-8007-34B6-BD38-D186AC9B61A9} = {C50728EC-8007-34B6-BD38-D186AC9B61A9}
		{C2B70525-C8F7-377B-9001-BF4A906FA9A8} = {C2B70525-C8F7-377B-9001-BF4A906FA9A8}
		{4EC0E5FC-D013-32F8-9339-C3680E7998DF} = {4EC0E5FC-D013-32F8-9339-C3680E7998DF}
		{E530CC3B-F452-364C-B8E6-34902E820ACB} = {E530CC3B-F452-364C-B8E6-34902E820ACB}
		{9F6F19F1-A405-3402-9753-3A06580EB54E} = {9F6F19F1-A405-3402-9753-3A06580EB54E}
		{327F8752-F4F5-315E-B4D1-8D931139DBAD} = {327F8752-F4F5-315E-B4D1-8D931139DBAD}
		{1AB696FC-A832-39AD-8C00-C77204B324DB} = {1AB696FC-A832-39AD-8C00-C77204B324DB}
		{FFFA8B1F-FF6A-3B44-A903-F481EE9FBA87} = {FFFA8B1F-FF6A-3B44-A903-F481EE9FBA87}
		{51CDBB4F-29CA-35BA-8DC3-F85BE5819BD2} = {51CDBB4F-29CA-35BA-8DC3-F85BE5819BD2}
		{72D1E9B4-99FF-3274-B237-657696F29933} = {72D1E9B4-99FF-3274-B237-657696F29933}
		{88A9ED52-82EA-3679-80A3-345FBE8E298D} = {88A9ED52-82EA-3679-80A3-345FBE8E298D}
		{6AF1AF5B-0A8E-3741-941F-70548B350062} = {6AF1AF5B-0A8E-3741-941F-70548B350062}
		{B6F93E2E-A6B3-3029-8C33-DBCA5F05B9B1} = {B6F93E2E-A6B3-3029-8C33-DBCA5F05B9B1}
		{6F35A46B-BF81-3239-A427-55E09C3FECFE} = {6F35A46B-BF81-3239-A427-55E09C3FECFE}
		{2A2BDF38-BBD0-358A-B6B4-F195600792AA} = {2A2BDF38-BBD0-358A-B6B4-F195600792AA}
		{04F2A1CF-D80E-391F-93D8-B237A75DCE25} = {04F2A1CF-D80E-391F-93D8-B237A75DCE25}
	EndProjectSection
EndProject
Project("{8BC9CEB8-8B4A-11D0-8D11-00A0C91BC942}") = "DD2SDK", "DD2SDK.vcxproj", "{77613F65-A24D-3651-9BCC-7ABDB34A0913}"
	ProjectSection(ProjectDependencies) = postProject
		{68714C0C-9D15-3C86-BCA3-D144383AA09D} = {68714C0C-9D15-3C86-BCA3-D144383AA09D}
		{C50728EC-8007-34B6-BD38-D186AC9B61A9} = {C50728EC-8007-34B6-BD38-D186AC9B61A9}
		{C2B70525-C8F7-377B-9001-BF4A906FA9A8} = {C2B70525-C8F7-377B-9001-BF4A906FA9A8}
		{E530CC3B-F452-364C-B8E6-34902E820ACB} = {E530CC3B-F452-364C-B8E6-34902E820ACB}
		{327F8752-F4F5-315E-B4D1-8D931139DBAD} = {327F8752-F4F5-315E-B4D1-8D931139DBAD}
		{72D1E9B4-99FF-3274-B237-657696F29933} = {72D1E9B4-99FF-3274-B237-657696F29933}
		{6AF1AF5B-0A8E-3741-941F-70548B350062} = {6AF1AF5B-0A8E-3741-941F-70548B350062}
		{6F35A46B-BF81-3239-A427-55E09C3FECFE} = {6F35A46B-BF81-3239-A427-55E09C3FECFE}
		{2A2BDF38-BBD0-358A-B6B4-F195600792AA} = {2A2BDF38-BBD0-358A-B6B4-F195600792AA}
		{04F2A1CF-D80E-391F-93D8-B237A75DCE25} = {04F2A1CF-D80E-391F-93D8-B237A75DCE25}
	EndProjectSection
EndProject
Project("{8BC9CEB8-8B4A-11D0-8D11-00A0C91BC942}") = "DMC5", "DMC5.vcxproj", "{496284C0-3AFA-3755-B30A-E294648933A9}"
	ProjectSection(ProjectDependencies) = postProject
		{F52ACAB4-65A1-39A2-BACE-F2973B1A279F} = {F52ACAB4-65A1-39A2-BACE-F2973B1A279F}
		{2C21A679-F3BA-35D2-B50A-20F4401A0BC6} = {2C21A679-F3BA-35D2-B50A-20F4401A0BC6}
		{7FC1FA38-990C-39D7-841C-739987BDF183} = {7FC1FA38-990C-39D7-841C-739987BDF183}
		{68714C0C-9D15-3C86-BCA3-D144383AA09D} = {68714C0C-9D15-3C86-BCA3-D144383AA09D}
		{C50728EC-8007-34B6-BD38-D186AC9B61A9} = {C50728EC-8007-34B6-BD38-D186AC9B61A9}
		{C2B70525-C8F7-377B-9001-BF4A906FA9A8} = {C2B70525-C8F7-377B-9001-BF4A906FA9A8}
		{4EC0E5FC-D013-32F8-9339-C3680E7998DF} = {4EC0E5FC-D013-32F8-9339-C3680E7998DF}
		{E530CC3B-F452-364C-B8E6-34902E820ACB} = {E530CC3B-F452-364C-B8E6-34902E820ACB}
		{9F6F19F1-A405-3402-9753-3A06580EB54E} = {9F6F19F1-A405-3402-9753-3A06580EB54E}
		{327F8752-F4F5-315E-B4D1-8D931139DBAD} = {327F8752-F4F5-315E-B4D1-8D931139DBAD}
		{1AB696FC-A832-39AD-8C00-C77204B324DB} = {1AB696FC-A832-39AD-8C00-C77204B324DB}
		{FFFA8B1F-FF6A-3B44-A903-F481EE9FBA87} = {FFFA8B1F-FF6A-3B44-A903-F481EE9FBA87}
		{51CDBB4F-29CA-35BA-8DC3-F85BE5819BD2} = {51CDBB4F-29CA-35BA-8DC3-F85BE5819BD2}
		{72D1E9B4-99FF-3274-B237-657696F29933} = {72D1E9B4-99FF-3274-B237-657696F29933}
		{88A9ED52-82EA-3679-80A3-345FBE8E298D} = {88A9ED52-82EA-3679-80A3-345FBE8E298D}
		{6AF1AF5B-0A8E-3741-941F-70548B350062} = {6AF1AF5B-0A8E-3741-941F-70548B350062}
		{B6F93E2E-A6B3-3029-8C33-DBCA5F05B9B1} = {B6F93E2E-A6B3-3029-8C33-DBCA5F05B9B1}
		{6F35A46B-BF81-3239-A427-55E09C3FECFE} = {6F35A46B-BF81-3239-A427-55E09C3FECFE}
		{2A2BDF38-BBD0-358A-B6B4-F195600792AA} = {2A2BDF38-BBD0-358A-B6B4-F195600792AA}
		{04F2A1CF-D80E-391F-93D8-B237A75DCE25} = {04F2A1CF-D80E-391F-93D8-B237A75DCE25}
	EndProjectSection
EndProject
Project("{8BC9CEB8-8B4A-11D0-8D11-00A0C91BC942}") = "DMC5SDK", "DMC5SDK.vcxproj", "{F52ACAB4-65A1-39A2-BACE-F2973B1A279F}"
	ProjectSection(ProjectDependencies) = postProject
		{68714C0C-9D15-3C86-BCA3-D144383AA09D} = {68714C0C-9D15-3C86-BCA3-D144383AA09D}
		{C50728EC-8007-34B6-BD38-D186AC9B61A9} = {C50728EC-8007-34B6-BD38-D186AC9B61A9}
		{C2B70525-C8F7-377B-9001-BF4A906FA9A8} = {C2B70525-C8F7-377B-9001-BF4A906FA9A8}
		{E530CC3B-F452-364C-B8E6-34902E820ACB} = {E530CC3B-F452-364C-B8E6-34902E820ACB}
		{327F8752-F4F5-315E-B4D1-8D931139DBAD} = {327F8752-F4F5-315E-B4D1-8D931139DBAD}
		{72D1E9B4-99FF-3274-B237-657696F29933} = {72D1E9B4-99FF-3274-B237-657696F29933}
		{6AF1AF5B-0A8E-3741-941F-70548B350062} = {6AF1AF5B-0A8E-3741-941F-70548B350062}
		{6F35A46B-BF81-3239-A427-55E09C3FECFE} = {6F35A46B-BF81-3239-A427-55E09C3FECFE}
		{2A2BDF38-BBD0-358A-B6B4-F195600792AA} = {2A2BDF38-BBD0-358A-B6B4-F195600792AA}
		{04F2A1CF-D80E-391F-93D8-B237A75DCE25} = {04F2A1CF-D80E-391F-93D8-B237A75DCE25}
	EndProjectSection
EndProject
Project("{8BC9CEB8-8B4A-11D0-8D11-00A0C91BC942}") = "DirectXTK", "_deps\directxtk-build\DirectXTK.vcxproj", "{2C21A679-F3BA-35D2-B50A-20F4401A0BC6}"
	ProjectSection(ProjectDependencies) = postProject
		{68714C0C-9D15-3C86-BCA3-D144383AA09D} = {68714C0C-9D15-3C86-BCA3-D144383AA09D}
	EndProjectSection
EndProject
Project("{8BC9CEB8-8B4A-11D0-8D11-00A0C91BC942}") = "DirectXTK12", "_deps\directxtk12-build\DirectXTK12.vcxproj", "{7FC1FA38-990C-39D7-841C-739987BDF183}"
	ProjectSection(ProjectDependencies) = postProject
		{68714C0C-9D15-3C86-BCA3-D144383AA09D} = {68714C0C-9D15-3C86-BCA3-D144383AA09D}
	EndProjectSection
EndProject
Project("{8BC9CEB8-8B4A-11D0-8D11-00A0C91BC942}") = "Experimental", "_deps\directxtk-build\Experimental.vcxproj", "{584FBDB5-7F63-35FD-A652-7520375017F1}"
	ProjectSection(ProjectDependencies) = postProject
		{68714C0C-9D15-3C86-BCA3-D144383AA09D} = {68714C0C-9D15-3C86-BCA3-D144383AA09D}
	EndProjectSection
EndProject
Project("{8BC9CEB8-8B4A-11D0-8D11-00A0C91BC942}") = "INSTALL", "INSTALL.vcxproj", "{ED184F39-6C7F-3EFC-ACF4-EF3A690E376B}"
	ProjectSection(ProjectDependencies) = postProject
		{887BC8AF-6384-33A2-9B2A-E4A7C01424DF} = {887BC8AF-6384-33A2-9B2A-E4A7C01424DF}
		{68714C0C-9D15-3C86-BCA3-D144383AA09D} = {68714C0C-9D15-3C86-BCA3-D144383AA09D}
	EndProjectSection
EndProject
Project("{8BC9CEB8-8B4A-11D0-8D11-00A0C91BC942}") = "MHRISE", "MHRISE.vcxproj", "{44D11FBE-2792-3F70-8296-C8E055CC33C1}"
	ProjectSection(ProjectDependencies) = postProject
		{2C21A679-F3BA-35D2-B50A-20F4401A0BC6} = {2C21A679-F3BA-35D2-B50A-20F4401A0BC6}
		{7FC1FA38-990C-39D7-841C-739987BDF183} = {7FC1FA38-990C-39D7-841C-739987BDF183}
		{2EF796B2-EEF0-3923-94DD-F1DA56CF3E0D} = {2EF796B2-EEF0-3923-94DD-F1DA56CF3E0D}
		{68714C0C-9D15-3C86-BCA3-D144383AA09D} = {68714C0C-9D15-3C86-BCA3-D144383AA09D}
		{C50728EC-8007-34B6-BD38-D186AC9B61A9} = {C50728EC-8007-34B6-BD38-D186AC9B61A9}
		{C2B70525-C8F7-377B-9001-BF4A906FA9A8} = {C2B70525-C8F7-377B-9001-BF4A906FA9A8}
		{4EC0E5FC-D013-32F8-9339-C3680E7998DF} = {4EC0E5FC-D013-32F8-9339-C3680E7998DF}
		{E530CC3B-F452-364C-B8E6-34902E820ACB} = {E530CC3B-F452-364C-B8E6-34902E820ACB}
		{9F6F19F1-A405-3402-9753-3A06580EB54E} = {9F6F19F1-A405-3402-9753-3A06580EB54E}
		{327F8752-F4F5-315E-B4D1-8D931139DBAD} = {327F8752-F4F5-315E-B4D1-8D931139DBAD}
		{1AB696FC-A832-39AD-8C00-C77204B324DB} = {1AB696FC-A832-39AD-8C00-C77204B324DB}
		{FFFA8B1F-FF6A-3B44-A903-F481EE9FBA87} = {FFFA8B1F-FF6A-3B44-A903-F481EE9FBA87}
		{51CDBB4F-29CA-35BA-8DC3-F85BE5819BD2} = {51CDBB4F-29CA-35BA-8DC3-F85BE5819BD2}
		{72D1E9B4-99FF-3274-B237-657696F29933} = {72D1E9B4-99FF-3274-B237-657696F29933}
		{88A9ED52-82EA-3679-80A3-345FBE8E298D} = {88A9ED52-82EA-3679-80A3-345FBE8E298D}
		{6AF1AF5B-0A8E-3741-941F-70548B350062} = {6AF1AF5B-0A8E-3741-941F-70548B350062}
		{B6F93E2E-A6B3-3029-8C33-DBCA5F05B9B1} = {B6F93E2E-A6B3-3029-8C33-DBCA5F05B9B1}
		{6F35A46B-BF81-3239-A427-55E09C3FECFE} = {6F35A46B-BF81-3239-A427-55E09C3FECFE}
		{2A2BDF38-BBD0-358A-B6B4-F195600792AA} = {2A2BDF38-BBD0-358A-B6B4-F195600792AA}
		{04F2A1CF-D80E-391F-93D8-B237A75DCE25} = {04F2A1CF-D80E-391F-93D8-B237A75DCE25}
	EndProjectSection
EndProject
Project("{8BC9CEB8-8B4A-11D0-8D11-00A0C91BC942}") = "MHRISESDK", "MHRISESDK.vcxproj", "{2EF796B2-EEF0-3923-94DD-F1DA56CF3E0D}"
	ProjectSection(ProjectDependencies) = postProject
		{68714C0C-9D15-3C86-BCA3-D144383AA09D} = {68714C0C-9D15-3C86-BCA3-D144383AA09D}
		{C50728EC-8007-34B6-BD38-D186AC9B61A9} = {C50728EC-8007-34B6-BD38-D186AC9B61A9}
		{C2B70525-C8F7-377B-9001-BF4A906FA9A8} = {C2B70525-C8F7-377B-9001-BF4A906FA9A8}
		{E530CC3B-F452-364C-B8E6-34902E820ACB} = {E530CC3B-F452-364C-B8E6-34902E820ACB}
		{327F8752-F4F5-315E-B4D1-8D931139DBAD} = {327F8752-F4F5-315E-B4D1-8D931139DBAD}
		{72D1E9B4-99FF-3274-B237-657696F29933} = {72D1E9B4-99FF-3274-B237-657696F29933}
		{6AF1AF5B-0A8E-3741-941F-70548B350062} = {6AF1AF5B-0A8E-3741-941F-70548B350062}
		{6F35A46B-BF81-3239-A427-55E09C3FECFE} = {6F35A46B-BF81-3239-A427-55E09C3FECFE}
		{2A2BDF38-BBD0-358A-B6B4-F195600792AA} = {2A2BDF38-BBD0-358A-B6B4-F195600792AA}
		{04F2A1CF-D80E-391F-93D8-B237A75DCE25} = {04F2A1CF-D80E-391F-93D8-B237A75DCE25}
	EndProjectSection
EndProject
Project("{8BC9CEB8-8B4A-11D0-8D11-00A0C91BC942}") = "MHWILDS", "MHWILDS.vcxproj", "{A64ED225-E87E-3ED3-85D8-ED5E06C1CC6F}"
	ProjectSection(ProjectDependencies) = postProject
		{2C21A679-F3BA-35D2-B50A-20F4401A0BC6} = {2C21A679-F3BA-35D2-B50A-20F4401A0BC6}
		{7FC1FA38-990C-39D7-841C-739987BDF183} = {7FC1FA38-990C-39D7-841C-739987BDF183}
		{C6F135B5-B9AF-386C-8F1E-4F52D1233EEC} = {C6F135B5-B9AF-386C-8F1E-4F52D1233EEC}
		{68714C0C-9D15-3C86-BCA3-D144383AA09D} = {68714C0C-9D15-3C86-BCA3-D144383AA09D}
		{C50728EC-8007-34B6-BD38-D186AC9B61A9} = {C50728EC-8007-34B6-BD38-D186AC9B61A9}
		{C2B70525-C8F7-377B-9001-BF4A906FA9A8} = {C2B70525-C8F7-377B-9001-BF4A906FA9A8}
		{4EC0E5FC-D013-32F8-9339-C3680E7998DF} = {4EC0E5FC-D013-32F8-9339-C3680E7998DF}
		{E530CC3B-F452-364C-B8E6-34902E820ACB} = {E530CC3B-F452-364C-B8E6-34902E820ACB}
		{9F6F19F1-A405-3402-9753-3A06580EB54E} = {9F6F19F1-A405-3402-9753-3A06580EB54E}
		{327F8752-F4F5-315E-B4D1-8D931139DBAD} = {327F8752-F4F5-315E-B4D1-8D931139DBAD}
		{1AB696FC-A832-39AD-8C00-C77204B324DB} = {1AB696FC-A832-39AD-8C00-C77204B324DB}
		{FFFA8B1F-FF6A-3B44-A903-F481EE9FBA87} = {FFFA8B1F-FF6A-3B44-A903-F481EE9FBA87}
		{51CDBB4F-29CA-35BA-8DC3-F85BE5819BD2} = {51CDBB4F-29CA-35BA-8DC3-F85BE5819BD2}
		{72D1E9B4-99FF-3274-B237-657696F29933} = {72D1E9B4-99FF-3274-B237-657696F29933}
		{88A9ED52-82EA-3679-80A3-345FBE8E298D} = {88A9ED52-82EA-3679-80A3-345FBE8E298D}
		{6AF1AF5B-0A8E-3741-941F-70548B350062} = {6AF1AF5B-0A8E-3741-941F-70548B350062}
		{B6F93E2E-A6B3-3029-8C33-DBCA5F05B9B1} = {B6F93E2E-A6B3-3029-8C33-DBCA5F05B9B1}
		{6F35A46B-BF81-3239-A427-55E09C3FECFE} = {6F35A46B-BF81-3239-A427-55E09C3FECFE}
		{2A2BDF38-BBD0-358A-B6B4-F195600792AA} = {2A2BDF38-BBD0-358A-B6B4-F195600792AA}
		{04F2A1CF-D80E-391F-93D8-B237A75DCE25} = {04F2A1CF-D80E-391F-93D8-B237A75DCE25}
	EndProjectSection
EndProject
Project("{8BC9CEB8-8B4A-11D0-8D11-00A0C91BC942}") = "MHWILDSSDK", "MHWILDSSDK.vcxproj", "{C6F135B5-B9AF-386C-8F1E-4F52D1233EEC}"
	ProjectSection(ProjectDependencies) = postProject
		{68714C0C-9D15-3C86-BCA3-D144383AA09D} = {68714C0C-9D15-3C86-BCA3-D144383AA09D}
		{C50728EC-8007-34B6-BD38-D186AC9B61A9} = {C50728EC-8007-34B6-BD38-D186AC9B61A9}
		{C2B70525-C8F7-377B-9001-BF4A906FA9A8} = {C2B70525-C8F7-377B-9001-BF4A906FA9A8}
		{E530CC3B-F452-364C-B8E6-34902E820ACB} = {E530CC3B-F452-364C-B8E6-34902E820ACB}
		{327F8752-F4F5-315E-B4D1-8D931139DBAD} = {327F8752-F4F5-315E-B4D1-8D931139DBAD}
		{72D1E9B4-99FF-3274-B237-657696F29933} = {72D1E9B4-99FF-3274-B237-657696F29933}
		{6AF1AF5B-0A8E-3741-941F-70548B350062} = {6AF1AF5B-0A8E-3741-941F-70548B350062}
		{6F35A46B-BF81-3239-A427-55E09C3FECFE} = {6F35A46B-BF81-3239-A427-55E09C3FECFE}
		{2A2BDF38-BBD0-358A-B6B4-F195600792AA} = {2A2BDF38-BBD0-358A-B6B4-F195600792AA}
		{04F2A1CF-D80E-391F-93D8-B237A75DCE25} = {04F2A1CF-D80E-391F-93D8-B237A75DCE25}
	EndProjectSection
EndProject
Project("{8BC9CEB8-8B4A-11D0-8D11-00A0C91BC942}") = "Nightly", "_deps\directxtk-build\Nightly.vcxproj", "{10274ED8-E5AF-3A02-8185-2CA72D4690FD}"
	ProjectSection(ProjectDependencies) = postProject
		{68714C0C-9D15-3C86-BCA3-D144383AA09D} = {68714C0C-9D15-3C86-BCA3-D144383AA09D}
	EndProjectSection
EndProject
Project("{8BC9CEB8-8B4A-11D0-8D11-00A0C91BC942}") = "NightlyMemoryCheck", "_deps\directxtk-build\NightlyMemoryCheck.vcxproj", "{EC887101-BD7F-3261-8A41-49AA69370678}"
	ProjectSection(ProjectDependencies) = postProject
		{68714C0C-9D15-3C86-BCA3-D144383AA09D} = {68714C0C-9D15-3C86-BCA3-D144383AA09D}
	EndProjectSection
EndProject
Project("{8BC9CEB8-8B4A-11D0-8D11-00A0C91BC942}") = "PACKAGE", "PACKAGE.vcxproj", "{AE008863-625D-3459-AA4B-D616D3077499}"
	ProjectSection(ProjectDependencies) = postProject
		{887BC8AF-6384-33A2-9B2A-E4A7C01424DF} = {887BC8AF-6384-33A2-9B2A-E4A7C01424DF}
		{68714C0C-9D15-3C86-BCA3-D144383AA09D} = {68714C0C-9D15-3C86-BCA3-D144383AA09D}
	EndProjectSection
EndProject
Project("{8BC9CEB8-8B4A-11D0-8D11-00A0C91BC942}") = "PRAGMATA", "PRAGMATA.vcxproj", "{3B02FB6E-6E38-317D-8D9D-E70B4C87E978}"
	ProjectSection(ProjectDependencies) = postProject
		{2C21A679-F3BA-35D2-B50A-20F4401A0BC6} = {2C21A679-F3BA-35D2-B50A-20F4401A0BC6}
		{7FC1FA38-990C-39D7-841C-739987BDF183} = {7FC1FA38-990C-39D7-841C-739987BDF183}
		{D8D8C4E6-B7E1-3E79-9816-13E80AD53CC4} = {D8D8C4E6-B7E1-3E79-9816-13E80AD53CC4}
		{68714C0C-9D15-3C86-BCA3-D144383AA09D} = {68714C0C-9D15-3C86-BCA3-D144383AA09D}
		{C50728EC-8007-34B6-BD38-D186AC9B61A9} = {C50728EC-8007-34B6-BD38-D186AC9B61A9}
		{C2B70525-C8F7-377B-9001-BF4A906FA9A8} = {C2B70525-C8F7-377B-9001-BF4A906FA9A8}
		{4EC0E5FC-D013-32F8-9339-C3680E7998DF} = {4EC0E5FC-D013-32F8-9339-C3680E7998DF}
		{E530CC3B-F452-364C-B8E6-34902E820ACB} = {E530CC3B-F452-364C-B8E6-34902E820ACB}
		{9F6F19F1-A405-3402-9753-3A06580EB54E} = {9F6F19F1-A405-3402-9753-3A06580EB54E}
		{327F8752-F4F5-315E-B4D1-8D931139DBAD} = {327F8752-F4F5-315E-B4D1-8D931139DBAD}
		{1AB696FC-A832-39AD-8C00-C77204B324DB} = {1AB696FC-A832-39AD-8C00-C77204B324DB}
		{FFFA8B1F-FF6A-3B44-A903-F481EE9FBA87} = {FFFA8B1F-FF6A-3B44-A903-F481EE9FBA87}
		{51CDBB4F-29CA-35BA-8DC3-F85BE5819BD2} = {51CDBB4F-29CA-35BA-8DC3-F85BE5819BD2}
		{72D1E9B4-99FF-3274-B237-657696F29933} = {72D1E9B4-99FF-3274-B237-657696F29933}
		{88A9ED52-82EA-3679-80A3-345FBE8E298D} = {88A9ED52-82EA-3679-80A3-345FBE8E298D}
		{6AF1AF5B-0A8E-3741-941F-70548B350062} = {6AF1AF5B-0A8E-3741-941F-70548B350062}
		{B6F93E2E-A6B3-3029-8C33-DBCA5F05B9B1} = {B6F93E2E-A6B3-3029-8C33-DBCA5F05B9B1}
		{6F35A46B-BF81-3239-A427-55E09C3FECFE} = {6F35A46B-BF81-3239-A427-55E09C3FECFE}
		{2A2BDF38-BBD0-358A-B6B4-F195600792AA} = {2A2BDF38-BBD0-358A-B6B4-F195600792AA}
		{04F2A1CF-D80E-391F-93D8-B237A75DCE25} = {04F2A1CF-D80E-391F-93D8-B237A75DCE25}
	EndProjectSection
EndProject
Project("{8BC9CEB8-8B4A-11D0-8D11-00A0C91BC942}") = "PRAGMATASDK", "PRAGMATASDK.vcxproj", "{D8D8C4E6-B7E1-3E79-9816-13E80AD53CC4}"
	ProjectSection(ProjectDependencies) = postProject
		{68714C0C-9D15-3C86-BCA3-D144383AA09D} = {68714C0C-9D15-3C86-BCA3-D144383AA09D}
		{C50728EC-8007-34B6-BD38-D186AC9B61A9} = {C50728EC-8007-34B6-BD38-D186AC9B61A9}
		{C2B70525-C8F7-377B-9001-BF4A906FA9A8} = {C2B70525-C8F7-377B-9001-BF4A906FA9A8}
		{E530CC3B-F452-364C-B8E6-34902E820ACB} = {E530CC3B-F452-364C-B8E6-34902E820ACB}
		{327F8752-F4F5-315E-B4D1-8D931139DBAD} = {327F8752-F4F5-315E-B4D1-8D931139DBAD}
		{72D1E9B4-99FF-3274-B237-657696F29933} = {72D1E9B4-99FF-3274-B237-657696F29933}
		{6AF1AF5B-0A8E-3741-941F-70548B350062} = {6AF1AF5B-0A8E-3741-941F-70548B350062}
		{6F35A46B-BF81-3239-A427-55E09C3FECFE} = {6F35A46B-BF81-3239-A427-55E09C3FECFE}
		{2A2BDF38-BBD0-358A-B6B4-F195600792AA} = {2A2BDF38-BBD0-358A-B6B4-F195600792AA}
		{04F2A1CF-D80E-391F-93D8-B237A75DCE25} = {04F2A1CF-D80E-391F-93D8-B237A75DCE25}
	EndProjectSection
EndProject
Project("{8BC9CEB8-8B4A-11D0-8D11-00A0C91BC942}") = "RE2", "RE2.vcxproj", "{C764D1AC-0FA4-3518-90C0-D945321B6C30}"
	ProjectSection(ProjectDependencies) = postProject
		{2C21A679-F3BA-35D2-B50A-20F4401A0BC6} = {2C21A679-F3BA-35D2-B50A-20F4401A0BC6}
		{7FC1FA38-990C-39D7-841C-739987BDF183} = {7FC1FA38-990C-39D7-841C-739987BDF183}
		{78A531F1-806F-3A30-8C0C-A83AE4184A47} = {78A531F1-806F-3A30-8C0C-A83AE4184A47}
		{68714C0C-9D15-3C86-BCA3-D144383AA09D} = {68714C0C-9D15-3C86-BCA3-D144383AA09D}
		{C50728EC-8007-34B6-BD38-D186AC9B61A9} = {C50728EC-8007-34B6-BD38-D186AC9B61A9}
		{C2B70525-C8F7-377B-9001-BF4A906FA9A8} = {C2B70525-C8F7-377B-9001-BF4A906FA9A8}
		{4EC0E5FC-D013-32F8-9339-C3680E7998DF} = {4EC0E5FC-D013-32F8-9339-C3680E7998DF}
		{E530CC3B-F452-364C-B8E6-34902E820ACB} = {E530CC3B-F452-364C-B8E6-34902E820ACB}
		{9F6F19F1-A405-3402-9753-3A06580EB54E} = {9F6F19F1-A405-3402-9753-3A06580EB54E}
		{327F8752-F4F5-315E-B4D1-8D931139DBAD} = {327F8752-F4F5-315E-B4D1-8D931139DBAD}
		{1AB696FC-A832-39AD-8C00-C77204B324DB} = {1AB696FC-A832-39AD-8C00-C77204B324DB}
		{FFFA8B1F-FF6A-3B44-A903-F481EE9FBA87} = {FFFA8B1F-FF6A-3B44-A903-F481EE9FBA87}
		{51CDBB4F-29CA-35BA-8DC3-F85BE5819BD2} = {51CDBB4F-29CA-35BA-8DC3-F85BE5819BD2}
		{72D1E9B4-99FF-3274-B237-657696F29933} = {72D1E9B4-99FF-3274-B237-657696F29933}
		{88A9ED52-82EA-3679-80A3-345FBE8E298D} = {88A9ED52-82EA-3679-80A3-345FBE8E298D}
		{6AF1AF5B-0A8E-3741-941F-70548B350062} = {6AF1AF5B-0A8E-3741-941F-70548B350062}
		{B6F93E2E-A6B3-3029-8C33-DBCA5F05B9B1} = {B6F93E2E-A6B3-3029-8C33-DBCA5F05B9B1}
		{6F35A46B-BF81-3239-A427-55E09C3FECFE} = {6F35A46B-BF81-3239-A427-55E09C3FECFE}
		{2A2BDF38-BBD0-358A-B6B4-F195600792AA} = {2A2BDF38-BBD0-358A-B6B4-F195600792AA}
		{04F2A1CF-D80E-391F-93D8-B237A75DCE25} = {04F2A1CF-D80E-391F-93D8-B237A75DCE25}
	EndProjectSection
EndProject
Project("{8BC9CEB8-8B4A-11D0-8D11-00A0C91BC942}") = "RE2SDK", "RE2SDK.vcxproj", "{78A531F1-806F-3A30-8C0C-A83AE4184A47}"
	ProjectSection(ProjectDependencies) = postProject
		{68714C0C-9D15-3C86-BCA3-D144383AA09D} = {68714C0C-9D15-3C86-BCA3-D144383AA09D}
		{C50728EC-8007-34B6-BD38-D186AC9B61A9} = {C50728EC-8007-34B6-BD38-D186AC9B61A9}
		{C2B70525-C8F7-377B-9001-BF4A906FA9A8} = {C2B70525-C8F7-377B-9001-BF4A906FA9A8}
		{E530CC3B-F452-364C-B8E6-34902E820ACB} = {E530CC3B-F452-364C-B8E6-34902E820ACB}
		{327F8752-F4F5-315E-B4D1-8D931139DBAD} = {327F8752-F4F5-315E-B4D1-8D931139DBAD}
		{72D1E9B4-99FF-3274-B237-657696F29933} = {72D1E9B4-99FF-3274-B237-657696F29933}
		{6AF1AF5B-0A8E-3741-941F-70548B350062} = {6AF1AF5B-0A8E-3741-941F-70548B350062}
		{6F35A46B-BF81-3239-A427-55E09C3FECFE} = {6F35A46B-BF81-3239-A427-55E09C3FECFE}
		{2A2BDF38-BBD0-358A-B6B4-F195600792AA} = {2A2BDF38-BBD0-358A-B6B4-F195600792AA}
		{04F2A1CF-D80E-391F-93D8-B237A75DCE25} = {04F2A1CF-D80E-391F-93D8-B237A75DCE25}
	EndProjectSection
EndProject
Project("{8BC9CEB8-8B4A-11D0-8D11-00A0C91BC942}") = "RE2_TDB66", "RE2_TDB66.vcxproj", "{759B974D-8A7E-3021-8446-CFB5E5E7E551}"
	ProjectSection(ProjectDependencies) = postProject
		{2C21A679-F3BA-35D2-B50A-20F4401A0BC6} = {2C21A679-F3BA-35D2-B50A-20F4401A0BC6}
		{7FC1FA38-990C-39D7-841C-739987BDF183} = {7FC1FA38-990C-39D7-841C-739987BDF183}
		{F1C50DE5-3ADD-380A-AF0B-831E68703235} = {F1C50DE5-3ADD-380A-AF0B-831E68703235}
		{68714C0C-9D15-3C86-BCA3-D144383AA09D} = {68714C0C-9D15-3C86-BCA3-D144383AA09D}
		{C50728EC-8007-34B6-BD38-D186AC9B61A9} = {C50728EC-8007-34B6-BD38-D186AC9B61A9}
		{C2B70525-C8F7-377B-9001-BF4A906FA9A8} = {C2B70525-C8F7-377B-9001-BF4A906FA9A8}
		{4EC0E5FC-D013-32F8-9339-C3680E7998DF} = {4EC0E5FC-D013-32F8-9339-C3680E7998DF}
		{E530CC3B-F452-364C-B8E6-34902E820ACB} = {E530CC3B-F452-364C-B8E6-34902E820ACB}
		{9F6F19F1-A405-3402-9753-3A06580EB54E} = {9F6F19F1-A405-3402-9753-3A06580EB54E}
		{327F8752-F4F5-315E-B4D1-8D931139DBAD} = {327F8752-F4F5-315E-B4D1-8D931139DBAD}
		{1AB696FC-A832-39AD-8C00-C77204B324DB} = {1AB696FC-A832-39AD-8C00-C77204B324DB}
		{FFFA8B1F-FF6A-3B44-A903-F481EE9FBA87} = {FFFA8B1F-FF6A-3B44-A903-F481EE9FBA87}
		{51CDBB4F-29CA-35BA-8DC3-F85BE5819BD2} = {51CDBB4F-29CA-35BA-8DC3-F85BE5819BD2}
		{72D1E9B4-99FF-3274-B237-657696F29933} = {72D1E9B4-99FF-3274-B237-657696F29933}
		{88A9ED52-82EA-3679-80A3-345FBE8E298D} = {88A9ED52-82EA-3679-80A3-345FBE8E298D}
		{6AF1AF5B-0A8E-3741-941F-70548B350062} = {6AF1AF5B-0A8E-3741-941F-70548B350062}
		{B6F93E2E-A6B3-3029-8C33-DBCA5F05B9B1} = {B6F93E2E-A6B3-3029-8C33-DBCA5F05B9B1}
		{6F35A46B-BF81-3239-A427-55E09C3FECFE} = {6F35A46B-BF81-3239-A427-55E09C3FECFE}
		{2A2BDF38-BBD0-358A-B6B4-F195600792AA} = {2A2BDF38-BBD0-358A-B6B4-F195600792AA}
		{04F2A1CF-D80E-391F-93D8-B237A75DCE25} = {04F2A1CF-D80E-391F-93D8-B237A75DCE25}
	EndProjectSection
EndProject
Project("{8BC9CEB8-8B4A-11D0-8D11-00A0C91BC942}") = "RE2_TDB66SDK", "RE2_TDB66SDK.vcxproj", "{F1C50DE5-3ADD-380A-AF0B-831E68703235}"
	ProjectSection(ProjectDependencies) = postProject
		{68714C0C-9D15-3C86-BCA3-D144383AA09D} = {68714C0C-9D15-3C86-BCA3-D144383AA09D}
		{C50728EC-8007-34B6-BD38-D186AC9B61A9} = {C50728EC-8007-34B6-BD38-D186AC9B61A9}
		{C2B70525-C8F7-377B-9001-BF4A906FA9A8} = {C2B70525-C8F7-377B-9001-BF4A906FA9A8}
		{E530CC3B-F452-364C-B8E6-34902E820ACB} = {E530CC3B-F452-364C-B8E6-34902E820ACB}
		{327F8752-F4F5-315E-B4D1-8D931139DBAD} = {327F8752-F4F5-315E-B4D1-8D931139DBAD}
		{72D1E9B4-99FF-3274-B237-657696F29933} = {72D1E9B4-99FF-3274-B237-657696F29933}
		{6AF1AF5B-0A8E-3741-941F-70548B350062} = {6AF1AF5B-0A8E-3741-941F-70548B350062}
		{6F35A46B-BF81-3239-A427-55E09C3FECFE} = {6F35A46B-BF81-3239-A427-55E09C3FECFE}
		{2A2BDF38-BBD0-358A-B6B4-F195600792AA} = {2A2BDF38-BBD0-358A-B6B4-F195600792AA}
		{04F2A1CF-D80E-391F-93D8-B237A75DCE25} = {04F2A1CF-D80E-391F-93D8-B237A75DCE25}
	EndProjectSection
EndProject
Project("{8BC9CEB8-8B4A-11D0-8D11-00A0C91BC942}") = "RE3", "RE3.vcxproj", "{31F211C1-C675-3FD5-BFA7-17E7CAA91815}"
	ProjectSection(ProjectDependencies) = postProject
		{2C21A679-F3BA-35D2-B50A-20F4401A0BC6} = {2C21A679-F3BA-35D2-B50A-20F4401A0BC6}
		{7FC1FA38-990C-39D7-841C-739987BDF183} = {7FC1FA38-990C-39D7-841C-739987BDF183}
		{9CA014CF-A763-3D5F-B98B-F2465926FADF} = {9CA014CF-A763-3D5F-B98B-F2465926FADF}
		{68714C0C-9D15-3C86-BCA3-D144383AA09D} = {68714C0C-9D15-3C86-BCA3-D144383AA09D}
		{C50728EC-8007-34B6-BD38-D186AC9B61A9} = {C50728EC-8007-34B6-BD38-D186AC9B61A9}
		{C2B70525-C8F7-377B-9001-BF4A906FA9A8} = {C2B70525-C8F7-377B-9001-BF4A906FA9A8}
		{4EC0E5FC-D013-32F8-9339-C3680E7998DF} = {4EC0E5FC-D013-32F8-9339-C3680E7998DF}
		{E530CC3B-F452-364C-B8E6-34902E820ACB} = {E530CC3B-F452-364C-B8E6-34902E820ACB}
		{9F6F19F1-A405-3402-9753-3A06580EB54E} = {9F6F19F1-A405-3402-9753-3A06580EB54E}
		{327F8752-F4F5-315E-B4D1-8D931139DBAD} = {327F8752-F4F5-315E-B4D1-8D931139DBAD}
		{1AB696FC-A832-39AD-8C00-C77204B324DB} = {1AB696FC-A832-39AD-8C00-C77204B324DB}
		{FFFA8B1F-FF6A-3B44-A903-F481EE9FBA87} = {FFFA8B1F-FF6A-3B44-A903-F481EE9FBA87}
		{51CDBB4F-29CA-35BA-8DC3-F85BE5819BD2} = {51CDBB4F-29CA-35BA-8DC3-F85BE5819BD2}
		{72D1E9B4-99FF-3274-B237-657696F29933} = {72D1E9B4-99FF-3274-B237-657696F29933}
		{88A9ED52-82EA-3679-80A3-345FBE8E298D} = {88A9ED52-82EA-3679-80A3-345FBE8E298D}
		{6AF1AF5B-0A8E-3741-941F-70548B350062} = {6AF1AF5B-0A8E-3741-941F-70548B350062}
		{B6F93E2E-A6B3-3029-8C33-DBCA5F05B9B1} = {B6F93E2E-A6B3-3029-8C33-DBCA5F05B9B1}
		{6F35A46B-BF81-3239-A427-55E09C3FECFE} = {6F35A46B-BF81-3239-A427-55E09C3FECFE}
		{2A2BDF38-BBD0-358A-B6B4-F195600792AA} = {2A2BDF38-BBD0-358A-B6B4-F195600792AA}
		{04F2A1CF-D80E-391F-93D8-B237A75DCE25} = {04F2A1CF-D80E-391F-93D8-B237A75DCE25}
	EndProjectSection
EndProject
Project("{8BC9CEB8-8B4A-11D0-8D11-00A0C91BC942}") = "RE3SDK", "RE3SDK.vcxproj", "{9CA014CF-A763-3D5F-B98B-F2465926FADF}"
	ProjectSection(ProjectDependencies) = postProject
		{68714C0C-9D15-3C86-BCA3-D144383AA09D} = {68714C0C-9D15-3C86-BCA3-D144383AA09D}
		{C50728EC-8007-34B6-BD38-D186AC9B61A9} = {C50728EC-8007-34B6-BD38-D186AC9B61A9}
		{C2B70525-C8F7-377B-9001-BF4A906FA9A8} = {C2B70525-C8F7-377B-9001-BF4A906FA9A8}
		{E530CC3B-F452-364C-B8E6-34902E820ACB} = {E530CC3B-F452-364C-B8E6-34902E820ACB}
		{327F8752-F4F5-315E-B4D1-8D931139DBAD} = {327F8752-F4F5-315E-B4D1-8D931139DBAD}
		{72D1E9B4-99FF-3274-B237-657696F29933} = {72D1E9B4-99FF-3274-B237-657696F29933}
		{6AF1AF5B-0A8E-3741-941F-70548B350062} = {6AF1AF5B-0A8E-3741-941F-70548B350062}
		{6F35A46B-BF81-3239-A427-55E09C3FECFE} = {6F35A46B-BF81-3239-A427-55E09C3FECFE}
		{2A2BDF38-BBD0-358A-B6B4-F195600792AA} = {2A2BDF38-BBD0-358A-B6B4-F195600792AA}
		{04F2A1CF-D80E-391F-93D8-B237A75DCE25} = {04F2A1CF-D80E-391F-93D8-B237A75DCE25}
	EndProjectSection
EndProject
Project("{8BC9CEB8-8B4A-11D0-8D11-00A0C91BC942}") = "RE3_TDB67", "RE3_TDB67.vcxproj", "{BB269532-8A3F-3872-A737-E181D357A873}"
	ProjectSection(ProjectDependencies) = postProject
		{2C21A679-F3BA-35D2-B50A-20F4401A0BC6} = {2C21A679-F3BA-35D2-B50A-20F4401A0BC6}
		{7FC1FA38-990C-39D7-841C-739987BDF183} = {7FC1FA38-990C-39D7-841C-739987BDF183}
		{A13518A2-317E-3575-9C7B-F87FE59AE7D4} = {A13518A2-317E-3575-9C7B-F87FE59AE7D4}
		{68714C0C-9D15-3C86-BCA3-D144383AA09D} = {68714C0C-9D15-3C86-BCA3-D144383AA09D}
		{C50728EC-8007-34B6-BD38-D186AC9B61A9} = {C50728EC-8007-34B6-BD38-D186AC9B61A9}
		{C2B70525-C8F7-377B-9001-BF4A906FA9A8} = {C2B70525-C8F7-377B-9001-BF4A906FA9A8}
		{4EC0E5FC-D013-32F8-9339-C3680E7998DF} = {4EC0E5FC-D013-32F8-9339-C3680E7998DF}
		{E530CC3B-F452-364C-B8E6-34902E820ACB} = {E530CC3B-F452-364C-B8E6-34902E820ACB}
		{9F6F19F1-A405-3402-9753-3A06580EB54E} = {9F6F19F1-A405-3402-9753-3A06580EB54E}
		{327F8752-F4F5-315E-B4D1-8D931139DBAD} = {327F8752-F4F5-315E-B4D1-8D931139DBAD}
		{1AB696FC-A832-39AD-8C00-C77204B324DB} = {1AB696FC-A832-39AD-8C00-C77204B324DB}
		{FFFA8B1F-FF6A-3B44-A903-F481EE9FBA87} = {FFFA8B1F-FF6A-3B44-A903-F481EE9FBA87}
		{51CDBB4F-29CA-35BA-8DC3-F85BE5819BD2} = {51CDBB4F-29CA-35BA-8DC3-F85BE5819BD2}
		{72D1E9B4-99FF-3274-B237-657696F29933} = {72D1E9B4-99FF-3274-B237-657696F29933}
		{88A9ED52-82EA-3679-80A3-345FBE8E298D} = {88A9ED52-82EA-3679-80A3-345FBE8E298D}
		{6AF1AF5B-0A8E-3741-941F-70548B350062} = {6AF1AF5B-0A8E-3741-941F-70548B350062}
		{B6F93E2E-A6B3-3029-8C33-DBCA5F05B9B1} = {B6F93E2E-A6B3-3029-8C33-DBCA5F05B9B1}
		{6F35A46B-BF81-3239-A427-55E09C3FECFE} = {6F35A46B-BF81-3239-A427-55E09C3FECFE}
		{2A2BDF38-BBD0-358A-B6B4-F195600792AA} = {2A2BDF38-BBD0-358A-B6B4-F195600792AA}
		{04F2A1CF-D80E-391F-93D8-B237A75DCE25} = {04F2A1CF-D80E-391F-93D8-B237A75DCE25}
	EndProjectSection
EndProject
Project("{8BC9CEB8-8B4A-11D0-8D11-00A0C91BC942}") = "RE3_TDB67SDK", "RE3_TDB67SDK.vcxproj", "{A13518A2-317E-3575-9C7B-F87FE59AE7D4}"
	ProjectSection(ProjectDependencies) = postProject
		{68714C0C-9D15-3C86-BCA3-D144383AA09D} = {68714C0C-9D15-3C86-BCA3-D144383AA09D}
		{C50728EC-8007-34B6-BD38-D186AC9B61A9} = {C50728EC-8007-34B6-BD38-D186AC9B61A9}
		{C2B70525-C8F7-377B-9001-BF4A906FA9A8} = {C2B70525-C8F7-377B-9001-BF4A906FA9A8}
		{E530CC3B-F452-364C-B8E6-34902E820ACB} = {E530CC3B-F452-364C-B8E6-34902E820ACB}
		{327F8752-F4F5-315E-B4D1-8D931139DBAD} = {327F8752-F4F5-315E-B4D1-8D931139DBAD}
		{72D1E9B4-99FF-3274-B237-657696F29933} = {72D1E9B4-99FF-3274-B237-657696F29933}
		{6AF1AF5B-0A8E-3741-941F-70548B350062} = {6AF1AF5B-0A8E-3741-941F-70548B350062}
		{6F35A46B-BF81-3239-A427-55E09C3FECFE} = {6F35A46B-BF81-3239-A427-55E09C3FECFE}
		{2A2BDF38-BBD0-358A-B6B4-F195600792AA} = {2A2BDF38-BBD0-358A-B6B4-F195600792AA}
		{04F2A1CF-D80E-391F-93D8-B237A75DCE25} = {04F2A1CF-D80E-391F-93D8-B237A75DCE25}
	EndProjectSection
EndProject
Project("{8BC9CEB8-8B4A-11D0-8D11-00A0C91BC942}") = "RE4", "RE4.vcxproj", "{F2ECD723-A434-381C-A3F0-97DE5AE5E639}"
	ProjectSection(ProjectDependencies) = postProject
		{2C21A679-F3BA-35D2-B50A-20F4401A0BC6} = {2C21A679-F3BA-35D2-B50A-20F4401A0BC6}
		{7FC1FA38-990C-39D7-841C-739987BDF183} = {7FC1FA38-990C-39D7-841C-739987BDF183}
		{9CB11187-6BE1-3B6D-A4C9-5DC582638B35} = {9CB11187-6BE1-3B6D-A4C9-5DC582638B35}
		{68714C0C-9D15-3C86-BCA3-D144383AA09D} = {68714C0C-9D15-3C86-BCA3-D144383AA09D}
		{C50728EC-8007-34B6-BD38-D186AC9B61A9} = {C50728EC-8007-34B6-BD38-D186AC9B61A9}
		{C2B70525-C8F7-377B-9001-BF4A906FA9A8} = {C2B70525-C8F7-377B-9001-BF4A906FA9A8}
		{4EC0E5FC-D013-32F8-9339-C3680E7998DF} = {4EC0E5FC-D013-32F8-9339-C3680E7998DF}
		{E530CC3B-F452-364C-B8E6-34902E820ACB} = {E530CC3B-F452-364C-B8E6-34902E820ACB}
		{9F6F19F1-A405-3402-9753-3A06580EB54E} = {9F6F19F1-A405-3402-9753-3A06580EB54E}
		{327F8752-F4F5-315E-B4D1-8D931139DBAD} = {327F8752-F4F5-315E-B4D1-8D931139DBAD}
		{1AB696FC-A832-39AD-8C00-C77204B324DB} = {1AB696FC-A832-39AD-8C00-C77204B324DB}
		{FFFA8B1F-FF6A-3B44-A903-F481EE9FBA87} = {FFFA8B1F-FF6A-3B44-A903-F481EE9FBA87}
		{51CDBB4F-29CA-35BA-8DC3-F85BE5819BD2} = {51CDBB4F-29CA-35BA-8DC3-F85BE5819BD2}
		{72D1E9B4-99FF-3274-B237-657696F29933} = {72D1E9B4-99FF-3274-B237-657696F29933}
		{88A9ED52-82EA-3679-80A3-345FBE8E298D} = {88A9ED52-82EA-3679-80A3-345FBE8E298D}
		{6AF1AF5B-0A8E-3741-941F-70548B350062} = {6AF1AF5B-0A8E-3741-941F-70548B350062}
		{B6F93E2E-A6B3-3029-8C33-DBCA5F05B9B1} = {B6F93E2E-A6B3-3029-8C33-DBCA5F05B9B1}
		{6F35A46B-BF81-3239-A427-55E09C3FECFE} = {6F35A46B-BF81-3239-A427-55E09C3FECFE}
		{2A2BDF38-BBD0-358A-B6B4-F195600792AA} = {2A2BDF38-BBD0-358A-B6B4-F195600792AA}
		{04F2A1CF-D80E-391F-93D8-B237A75DCE25} = {04F2A1CF-D80E-391F-93D8-B237A75DCE25}
	EndProjectSection
EndProject
Project("{8BC9CEB8-8B4A-11D0-8D11-00A0C91BC942}") = "RE4SDK", "RE4SDK.vcxproj", "{9CB11187-6BE1-3B6D-A4C9-5DC582638B35}"
	ProjectSection(ProjectDependencies) = postProject
		{68714C0C-9D15-3C86-BCA3-D144383AA09D} = {68714C0C-9D15-3C86-BCA3-D144383AA09D}
		{C50728EC-8007-34B6-BD38-D186AC9B61A9} = {C50728EC-8007-34B6-BD38-D186AC9B61A9}
		{C2B70525-C8F7-377B-9001-BF4A906FA9A8} = {C2B70525-C8F7-377B-9001-BF4A906FA9A8}
		{E530CC3B-F452-364C-B8E6-34902E820ACB} = {E530CC3B-F452-364C-B8E6-34902E820ACB}
		{327F8752-F4F5-315E-B4D1-8D931139DBAD} = {327F8752-F4F5-315E-B4D1-8D931139DBAD}
		{72D1E9B4-99FF-3274-B237-657696F29933} = {72D1E9B4-99FF-3274-B237-657696F29933}
		{6AF1AF5B-0A8E-3741-941F-70548B350062} = {6AF1AF5B-0A8E-3741-941F-70548B350062}
		{6F35A46B-BF81-3239-A427-55E09C3FECFE} = {6F35A46B-BF81-3239-A427-55E09C3FECFE}
		{2A2BDF38-BBD0-358A-B6B4-F195600792AA} = {2A2BDF38-BBD0-358A-B6B4-F195600792AA}
		{04F2A1CF-D80E-391F-93D8-B237A75DCE25} = {04F2A1CF-D80E-391F-93D8-B237A75DCE25}
	EndProjectSection
EndProject
Project("{8BC9CEB8-8B4A-11D0-8D11-00A0C91BC942}") = "RE7", "RE7.vcxproj", "{97D823C3-130D-3629-93B7-E458A57DCCED}"
	ProjectSection(ProjectDependencies) = postProject
		{2C21A679-F3BA-35D2-B50A-20F4401A0BC6} = {2C21A679-F3BA-35D2-B50A-20F4401A0BC6}
		{7FC1FA38-990C-39D7-841C-739987BDF183} = {7FC1FA38-990C-39D7-841C-739987BDF183}
		{13FEFE95-F625-390F-B661-529AE8321771} = {13FEFE95-F625-390F-B661-529AE8321771}
		{68714C0C-9D15-3C86-BCA3-D144383AA09D} = {68714C0C-9D15-3C86-BCA3-D144383AA09D}
		{C50728EC-8007-34B6-BD38-D186AC9B61A9} = {C50728EC-8007-34B6-BD38-D186AC9B61A9}
		{C2B70525-C8F7-377B-9001-BF4A906FA9A8} = {C2B70525-C8F7-377B-9001-BF4A906FA9A8}
		{4EC0E5FC-D013-32F8-9339-C3680E7998DF} = {4EC0E5FC-D013-32F8-9339-C3680E7998DF}
		{E530CC3B-F452-364C-B8E6-34902E820ACB} = {E530CC3B-F452-364C-B8E6-34902E820ACB}
		{9F6F19F1-A405-3402-9753-3A06580EB54E} = {9F6F19F1-A405-3402-9753-3A06580EB54E}
		{327F8752-F4F5-315E-B4D1-8D931139DBAD} = {327F8752-F4F5-315E-B4D1-8D931139DBAD}
		{1AB696FC-A832-39AD-8C00-C77204B324DB} = {1AB696FC-A832-39AD-8C00-C77204B324DB}
		{FFFA8B1F-FF6A-3B44-A903-F481EE9FBA87} = {FFFA8B1F-FF6A-3B44-A903-F481EE9FBA87}
		{51CDBB4F-29CA-35BA-8DC3-F85BE5819BD2} = {51CDBB4F-29CA-35BA-8DC3-F85BE5819BD2}
		{72D1E9B4-99FF-3274-B237-657696F29933} = {72D1E9B4-99FF-3274-B237-657696F29933}
		{88A9ED52-82EA-3679-80A3-345FBE8E298D} = {88A9ED52-82EA-3679-80A3-345FBE8E298D}
		{6AF1AF5B-0A8E-3741-941F-70548B350062} = {6AF1AF5B-0A8E-3741-941F-70548B350062}
		{B6F93E2E-A6B3-3029-8C33-DBCA5F05B9B1} = {B6F93E2E-A6B3-3029-8C33-DBCA5F05B9B1}
		{6F35A46B-BF81-3239-A427-55E09C3FECFE} = {6F35A46B-BF81-3239-A427-55E09C3FECFE}
		{2A2BDF38-BBD0-358A-B6B4-F195600792AA} = {2A2BDF38-BBD0-358A-B6B4-F195600792AA}
		{04F2A1CF-D80E-391F-93D8-B237A75DCE25} = {04F2A1CF-D80E-391F-93D8-B237A75DCE25}
	EndProjectSection
EndProject
Project("{8BC9CEB8-8B4A-11D0-8D11-00A0C91BC942}") = "RE7SDK", "RE7SDK.vcxproj", "{13FEFE95-F625-390F-B661-529AE8321771}"
	ProjectSection(ProjectDependencies) = postProject
		{68714C0C-9D15-3C86-BCA3-D144383AA09D} = {68714C0C-9D15-3C86-BCA3-D144383AA09D}
		{C50728EC-8007-34B6-BD38-D186AC9B61A9} = {C50728EC-8007-34B6-BD38-D186AC9B61A9}
		{C2B70525-C8F7-377B-9001-BF4A906FA9A8} = {C2B70525-C8F7-377B-9001-BF4A906FA9A8}
		{E530CC3B-F452-364C-B8E6-34902E820ACB} = {E530CC3B-F452-364C-B8E6-34902E820ACB}
		{327F8752-F4F5-315E-B4D1-8D931139DBAD} = {327F8752-F4F5-315E-B4D1-8D931139DBAD}
		{72D1E9B4-99FF-3274-B237-657696F29933} = {72D1E9B4-99FF-3274-B237-657696F29933}
		{6AF1AF5B-0A8E-3741-941F-70548B350062} = {6AF1AF5B-0A8E-3741-941F-70548B350062}
		{6F35A46B-BF81-3239-A427-55E09C3FECFE} = {6F35A46B-BF81-3239-A427-55E09C3FECFE}
		{2A2BDF38-BBD0-358A-B6B4-F195600792AA} = {2A2BDF38-BBD0-358A-B6B4-F195600792AA}
		{04F2A1CF-D80E-391F-93D8-B237A75DCE25} = {04F2A1CF-D80E-391F-93D8-B237A75DCE25}
	EndProjectSection
EndProject
Project("{8BC9CEB8-8B4A-11D0-8D11-00A0C91BC942}") = "RE7_TDB49", "RE7_TDB49.vcxproj", "{CEED1D3F-9E58-3A17-808E-FA10FD74F4AF}"
	ProjectSection(ProjectDependencies) = postProject
		{2C21A679-F3BA-35D2-B50A-20F4401A0BC6} = {2C21A679-F3BA-35D2-B50A-20F4401A0BC6}
		{7FC1FA38-990C-39D7-841C-739987BDF183} = {7FC1FA38-990C-39D7-841C-739987BDF183}
		{3C13EEF9-80AF-321E-9619-AC03A84F6AD3} = {3C13EEF9-80AF-321E-9619-AC03A84F6AD3}
		{68714C0C-9D15-3C86-BCA3-D144383AA09D} = {68714C0C-9D15-3C86-BCA3-D144383AA09D}
		{C50728EC-8007-34B6-BD38-D186AC9B61A9} = {C50728EC-8007-34B6-BD38-D186AC9B61A9}
		{C2B70525-C8F7-377B-9001-BF4A906FA9A8} = {C2B70525-C8F7-377B-9001-BF4A906FA9A8}
		{4EC0E5FC-D013-32F8-9339-C3680E7998DF} = {4EC0E5FC-D013-32F8-9339-C3680E7998DF}
		{E530CC3B-F452-364C-B8E6-34902E820ACB} = {E530CC3B-F452-364C-B8E6-34902E820ACB}
		{9F6F19F1-A405-3402-9753-3A06580EB54E} = {9F6F19F1-A405-3402-9753-3A06580EB54E}
		{327F8752-F4F5-315E-B4D1-8D931139DBAD} = {327F8752-F4F5-315E-B4D1-8D931139DBAD}
		{1AB696FC-A832-39AD-8C00-C77204B324DB} = {1AB696FC-A832-39AD-8C00-C77204B324DB}
		{FFFA8B1F-FF6A-3B44-A903-F481EE9FBA87} = {FFFA8B1F-FF6A-3B44-A903-F481EE9FBA87}
		{51CDBB4F-29CA-35BA-8DC3-F85BE5819BD2} = {51CDBB4F-29CA-35BA-8DC3-F85BE5819BD2}
		{72D1E9B4-99FF-3274-B237-657696F29933} = {72D1E9B4-99FF-3274-B237-657696F29933}
		{88A9ED52-82EA-3679-80A3-345FBE8E298D} = {88A9ED52-82EA-3679-80A3-345FBE8E298D}
		{6AF1AF5B-0A8E-3741-941F-70548B350062} = {6AF1AF5B-0A8E-3741-941F-70548B350062}
		{B6F93E2E-A6B3-3029-8C33-DBCA5F05B9B1} = {B6F93E2E-A6B3-3029-8C33-DBCA5F05B9B1}
		{6F35A46B-BF81-3239-A427-55E09C3FECFE} = {6F35A46B-BF81-3239-A427-55E09C3FECFE}
		{2A2BDF38-BBD0-358A-B6B4-F195600792AA} = {2A2BDF38-BBD0-358A-B6B4-F195600792AA}
		{04F2A1CF-D80E-391F-93D8-B237A75DCE25} = {04F2A1CF-D80E-391F-93D8-B237A75DCE25}
	EndProjectSection
EndProject
Project("{8BC9CEB8-8B4A-11D0-8D11-00A0C91BC942}") = "RE7_TDB49SDK", "RE7_TDB49SDK.vcxproj", "{3C13EEF9-80AF-321E-9619-AC03A84F6AD3}"
	ProjectSection(ProjectDependencies) = postProject
		{68714C0C-9D15-3C86-BCA3-D144383AA09D} = {68714C0C-9D15-3C86-BCA3-D144383AA09D}
		{C50728EC-8007-34B6-BD38-D186AC9B61A9} = {C50728EC-8007-34B6-BD38-D186AC9B61A9}
		{C2B70525-C8F7-377B-9001-BF4A906FA9A8} = {C2B70525-C8F7-377B-9001-BF4A906FA9A8}
		{E530CC3B-F452-364C-B8E6-34902E820ACB} = {E530CC3B-F452-364C-B8E6-34902E820ACB}
		{327F8752-F4F5-315E-B4D1-8D931139DBAD} = {327F8752-F4F5-315E-B4D1-8D931139DBAD}
		{72D1E9B4-99FF-3274-B237-657696F29933} = {72D1E9B4-99FF-3274-B237-657696F29933}
		{6AF1AF5B-0A8E-3741-941F-70548B350062} = {6AF1AF5B-0A8E-3741-941F-70548B350062}
		{6F35A46B-BF81-3239-A427-55E09C3FECFE} = {6F35A46B-BF81-3239-A427-55E09C3FECFE}
		{2A2BDF38-BBD0-358A-B6B4-F195600792AA} = {2A2BDF38-BBD0-358A-B6B4-F195600792AA}
		{04F2A1CF-D80E-391F-93D8-B237A75DCE25} = {04F2A1CF-D80E-391F-93D8-B237A75DCE25}
	EndProjectSection
EndProject
Project("{8BC9CEB8-8B4A-11D0-8D11-00A0C91BC942}") = "RE8", "RE8.vcxproj", "{848FF486-3FE8-320B-A847-CE3DF5438DE0}"
	ProjectSection(ProjectDependencies) = postProject
		{2C21A679-F3BA-35D2-B50A-20F4401A0BC6} = {2C21A679-F3BA-35D2-B50A-20F4401A0BC6}
		{7FC1FA38-990C-39D7-841C-739987BDF183} = {7FC1FA38-990C-39D7-841C-739987BDF183}
		{19CB701C-8F01-37C1-B217-F43BD5C168F5} = {19CB701C-8F01-37C1-B217-F43BD5C168F5}
		{68714C0C-9D15-3C86-BCA3-D144383AA09D} = {68714C0C-9D15-3C86-BCA3-D144383AA09D}
		{C50728EC-8007-34B6-BD38-D186AC9B61A9} = {C50728EC-8007-34B6-BD38-D186AC9B61A9}
		{C2B70525-C8F7-377B-9001-BF4A906FA9A8} = {C2B70525-C8F7-377B-9001-BF4A906FA9A8}
		{4EC0E5FC-D013-32F8-9339-C3680E7998DF} = {4EC0E5FC-D013-32F8-9339-C3680E7998DF}
		{E530CC3B-F452-364C-B8E6-34902E820ACB} = {E530CC3B-F452-364C-B8E6-34902E820ACB}
		{9F6F19F1-A405-3402-9753-3A06580EB54E} = {9F6F19F1-A405-3402-9753-3A06580EB54E}
		{327F8752-F4F5-315E-B4D1-8D931139DBAD} = {327F8752-F4F5-315E-B4D1-8D931139DBAD}
		{1AB696FC-A832-39AD-8C00-C77204B324DB} = {1AB696FC-A832-39AD-8C00-C77204B324DB}
		{FFFA8B1F-FF6A-3B44-A903-F481EE9FBA87} = {FFFA8B1F-FF6A-3B44-A903-F481EE9FBA87}
		{51CDBB4F-29CA-35BA-8DC3-F85BE5819BD2} = {51CDBB4F-29CA-35BA-8DC3-F85BE5819BD2}
		{72D1E9B4-99FF-3274-B237-657696F29933} = {72D1E9B4-99FF-3274-B237-657696F29933}
		{88A9ED52-82EA-3679-80A3-345FBE8E298D} = {88A9ED52-82EA-3679-80A3-345FBE8E298D}
		{6AF1AF5B-0A8E-3741-941F-70548B350062} = {6AF1AF5B-0A8E-3741-941F-70548B350062}
		{B6F93E2E-A6B3-3029-8C33-DBCA5F05B9B1} = {B6F93E2E-A6B3-3029-8C33-DBCA5F05B9B1}
		{6F35A46B-BF81-3239-A427-55E09C3FECFE} = {6F35A46B-BF81-3239-A427-55E09C3FECFE}
		{2A2BDF38-BBD0-358A-B6B4-F195600792AA} = {2A2BDF38-BBD0-358A-B6B4-F195600792AA}
		{04F2A1CF-D80E-391F-93D8-B237A75DCE25} = {04F2A1CF-D80E-391F-93D8-B237A75DCE25}
	EndProjectSection
EndProject
Project("{8BC9CEB8-8B4A-11D0-8D11-00A0C91BC942}") = "RE8SDK", "RE8SDK.vcxproj", "{19CB701C-8F01-37C1-B217-F43BD5C168F5}"
	ProjectSection(ProjectDependencies) = postProject
		{68714C0C-9D15-3C86-BCA3-D144383AA09D} = {68714C0C-9D15-3C86-BCA3-D144383AA09D}
		{C50728EC-8007-34B6-BD38-D186AC9B61A9} = {C50728EC-8007-34B6-BD38-D186AC9B61A9}
		{C2B70525-C8F7-377B-9001-BF4A906FA9A8} = {C2B70525-C8F7-377B-9001-BF4A906FA9A8}
		{E530CC3B-F452-364C-B8E6-34902E820ACB} = {E530CC3B-F452-364C-B8E6-34902E820ACB}
		{327F8752-F4F5-315E-B4D1-8D931139DBAD} = {327F8752-F4F5-315E-B4D1-8D931139DBAD}
		{72D1E9B4-99FF-3274-B237-657696F29933} = {72D1E9B4-99FF-3274-B237-657696F29933}
		{6AF1AF5B-0A8E-3741-941F-70548B350062} = {6AF1AF5B-0A8E-3741-941F-70548B350062}
		{6F35A46B-BF81-3239-A427-55E09C3FECFE} = {6F35A46B-BF81-3239-A427-55E09C3FECFE}
		{2A2BDF38-BBD0-358A-B6B4-F195600792AA} = {2A2BDF38-BBD0-358A-B6B4-F195600792AA}
		{04F2A1CF-D80E-391F-93D8-B237A75DCE25} = {04F2A1CF-D80E-391F-93D8-B237A75DCE25}
	EndProjectSection
EndProject
Project("{8BC9CEB8-8B4A-11D0-8D11-00A0C91BC942}") = "SF6", "SF6.vcxproj", "{52FA7EBA-41CB-3703-A4BB-BFC773144FFF}"
	ProjectSection(ProjectDependencies) = postProject
		{2C21A679-F3BA-35D2-B50A-20F4401A0BC6} = {2C21A679-F3BA-35D2-B50A-20F4401A0BC6}
		{7FC1FA38-990C-39D7-841C-739987BDF183} = {7FC1FA38-990C-39D7-841C-739987BDF183}
		{23DD1EFA-19AB-38EC-9269-A902550AD3E2} = {23DD1EFA-19AB-38EC-9269-A902550AD3E2}
		{68714C0C-9D15-3C86-BCA3-D144383AA09D} = {68714C0C-9D15-3C86-BCA3-D144383AA09D}
		{C50728EC-8007-34B6-BD38-D186AC9B61A9} = {C50728EC-8007-34B6-BD38-D186AC9B61A9}
		{C2B70525-C8F7-377B-9001-BF4A906FA9A8} = {C2B70525-C8F7-377B-9001-BF4A906FA9A8}
		{4EC0E5FC-D013-32F8-9339-C3680E7998DF} = {4EC0E5FC-D013-32F8-9339-C3680E7998DF}
		{E530CC3B-F452-364C-B8E6-34902E820ACB} = {E530CC3B-F452-364C-B8E6-34902E820ACB}
		{9F6F19F1-A405-3402-9753-3A06580EB54E} = {9F6F19F1-A405-3402-9753-3A06580EB54E}
		{327F8752-F4F5-315E-B4D1-8D931139DBAD} = {327F8752-F4F5-315E-B4D1-8D931139DBAD}
		{1AB696FC-A832-39AD-8C00-C77204B324DB} = {1AB696FC-A832-39AD-8C00-C77204B324DB}
		{FFFA8B1F-FF6A-3B44-A903-F481EE9FBA87} = {FFFA8B1F-FF6A-3B44-A903-F481EE9FBA87}
		{51CDBB4F-29CA-35BA-8DC3-F85BE5819BD2} = {51CDBB4F-29CA-35BA-8DC3-F85BE5819BD2}
		{72D1E9B4-99FF-3274-B237-657696F29933} = {72D1E9B4-99FF-3274-B237-657696F29933}
		{88A9ED52-82EA-3679-80A3-345FBE8E298D} = {88A9ED52-82EA-3679-80A3-345FBE8E298D}
		{6AF1AF5B-0A8E-3741-941F-70548B350062} = {6AF1AF5B-0A8E-3741-941F-70548B350062}
		{B6F93E2E-A6B3-3029-8C33-DBCA5F05B9B1} = {B6F93E2E-A6B3-3029-8C33-DBCA5F05B9B1}
		{6F35A46B-BF81-3239-A427-55E09C3FECFE} = {6F35A46B-BF81-3239-A427-55E09C3FECFE}
		{2A2BDF38-BBD0-358A-B6B4-F195600792AA} = {2A2BDF38-BBD0-358A-B6B4-F195600792AA}
		{04F2A1CF-D80E-391F-93D8-B237A75DCE25} = {04F2A1CF-D80E-391F-93D8-B237A75DCE25}
	EndProjectSection
EndProject
Project("{8BC9CEB8-8B4A-11D0-8D11-00A0C91BC942}") = "SF6SDK", "SF6SDK.vcxproj", "{23DD1EFA-19AB-38EC-9269-A902550AD3E2}"
	ProjectSection(ProjectDependencies) = postProject
		{68714C0C-9D15-3C86-BCA3-D144383AA09D} = {68714C0C-9D15-3C86-BCA3-D144383AA09D}
		{C50728EC-8007-34B6-BD38-D186AC9B61A9} = {C50728EC-8007-34B6-BD38-D186AC9B61A9}
		{C2B70525-C8F7-377B-9001-BF4A906FA9A8} = {C2B70525-C8F7-377B-9001-BF4A906FA9A8}
		{E530CC3B-F452-364C-B8E6-34902E820ACB} = {E530CC3B-F452-364C-B8E6-34902E820ACB}
		{327F8752-F4F5-315E-B4D1-8D931139DBAD} = {327F8752-F4F5-315E-B4D1-8D931139DBAD}
		{72D1E9B4-99FF-3274-B237-657696F29933} = {72D1E9B4-99FF-3274-B237-657696F29933}
		{6AF1AF5B-0A8E-3741-941F-70548B350062} = {6AF1AF5B-0A8E-3741-941F-70548B350062}
		{6F35A46B-BF81-3239-A427-55E09C3FECFE} = {6F35A46B-BF81-3239-A427-55E09C3FECFE}
		{2A2BDF38-BBD0-358A-B6B4-F195600792AA} = {2A2BDF38-BBD0-358A-B6B4-F195600792AA}
		{04F2A1CF-D80E-391F-93D8-B237A75DCE25} = {04F2A1CF-D80E-391F-93D8-B237A75DCE25}
	EndProjectSection
EndProject
Project("{8BC9CEB8-8B4A-11D0-8D11-00A0C91BC942}") = "ZERO_CHECK", "ZERO_CHECK.vcxproj", "{68714C0C-9D15-3C86-BCA3-D144383AA09D}"
	ProjectSection(ProjectDependencies) = postProject
	EndProjectSection
EndProject
Project("{8BC9CEB8-8B4A-11D0-8D11-00A0C91BC942}") = "Zycore", "_deps\zydis-build\zycore\Zycore.vcxproj", "{C50728EC-8007-34B6-BD38-D186AC9B61A9}"
	ProjectSection(ProjectDependencies) = postProject
		{68714C0C-9D15-3C86-BCA3-D144383AA09D} = {68714C0C-9D15-3C86-BCA3-D144383AA09D}
	EndProjectSection
EndProject
Project("{8BC9CEB8-8B4A-11D0-8D11-00A0C91BC942}") = "Zydis", "_deps\zydis-build\Zydis.vcxproj", "{C2B70525-C8F7-377B-9001-BF4A906FA9A8}"
	ProjectSection(ProjectDependencies) = postProject
		{68714C0C-9D15-3C86-BCA3-D144383AA09D} = {68714C0C-9D15-3C86-BCA3-D144383AA09D}
		{C50728EC-8007-34B6-BD38-D186AC9B61A9} = {C50728EC-8007-34B6-BD38-D186AC9B61A9}
	EndProjectSection
EndProject
Project("{8BC9CEB8-8B4A-11D0-8D11-00A0C91BC942}") = "asmjit", "_deps\asmjit-build\asmjit.vcxproj", "{4EC0E5FC-D013-32F8-9339-C3680E7998DF}"
	ProjectSection(ProjectDependencies) = postProject
		{68714C0C-9D15-3C86-BCA3-D144383AA09D} = {68714C0C-9D15-3C86-BCA3-D144383AA09D}
	EndProjectSection
EndProject
Project("{8BC9CEB8-8B4A-11D0-8D11-00A0C91BC942}") = "bddisasm", "_deps\bddisasm-build\bddisasm.vcxproj", "{E530CC3B-F452-364C-B8E6-34902E820ACB}"
	ProjectSection(ProjectDependencies) = postProject
		{68714C0C-9D15-3C86-BCA3-D144383AA09D} = {68714C0C-9D15-3C86-BCA3-D144383AA09D}
	EndProjectSection
EndProject
Project("{8BC9CEB8-8B4A-11D0-8D11-00A0C91BC942}") = "bdshemu", "_deps\bddisasm-build\bdshemu.vcxproj", "{2E1E7F7A-2404-3981-940A-9B4C8F50717A}"
	ProjectSection(ProjectDependencies) = postProject
		{68714C0C-9D15-3C86-BCA3-D144383AA09D} = {68714C0C-9D15-3C86-BCA3-D144383AA09D}
		{E530CC3B-F452-364C-B8E6-34902E820ACB} = {E530CC3B-F452-364C-B8E6-34902E820ACB}
	EndProjectSection
EndProject
Project("{8BC9CEB8-8B4A-11D0-8D11-00A0C91BC942}") = "example_plugin", "example_plugin.vcxproj", "{50B23506-E0E2-34F9-9B79-C6B91EB84B5C}"
	ProjectSection(ProjectDependencies) = postProject
		{68714C0C-9D15-3C86-BCA3-D144383AA09D} = {68714C0C-9D15-3C86-BCA3-D144383AA09D}
		{9F6F19F1-A405-3402-9753-3A06580EB54E} = {9F6F19F1-A405-3402-9753-3A06580EB54E}
		{1AB696FC-A832-39AD-8C00-C77204B324DB} = {1AB696FC-A832-39AD-8C00-C77204B324DB}
		{88A9ED52-82EA-3679-80A3-345FBE8E298D} = {88A9ED52-82EA-3679-80A3-345FBE8E298D}
	EndProjectSection
EndProject
Project("{8BC9CEB8-8B4A-11D0-8D11-00A0C91BC942}") = "freetype", "_deps\freetype-build\freetype.vcxproj", "{9F6F19F1-A405-3402-9753-3A06580EB54E}"
	ProjectSection(ProjectDependencies) = postProject
		{68714C0C-9D15-3C86-BCA3-D144383AA09D} = {68714C0C-9D15-3C86-BCA3-D144383AA09D}
	EndProjectSection
EndProject
Project("{8BC9CEB8-8B4A-11D0-8D11-00A0C91BC942}") = "generate_openxr_header", "_deps\openxr-build\include\openxr\generate_openxr_header.vcxproj", "{618079D5-8EB3-3D04-BDC3-7EE82DB342AB}"
	ProjectSection(ProjectDependencies) = postProject
		{68714C0C-9D15-3C86-BCA3-D144383AA09D} = {68714C0C-9D15-3C86-BCA3-D144383AA09D}
	EndProjectSection
EndProject
Project("{8BC9CEB8-8B4A-11D0-8D11-00A0C91BC942}") = "glm_static", "glm_static.vcxproj", "{327F8752-F4F5-315E-B4D1-8D931139DBAD}"
	ProjectSection(ProjectDependencies) = postProject
		{68714C0C-9D15-3C86-BCA3-D144383AA09D} = {68714C0C-9D15-3C86-BCA3-D144383AA09D}
	EndProjectSection
EndProject
Project("{8BC9CEB8-8B4A-11D0-8D11-00A0C91BC942}") = "imgui", "imgui.vcxproj", "{1AB696FC-A832-39AD-8C00-C77204B324DB}"
	ProjectSection(ProjectDependencies) = postProject
		{68714C0C-9D15-3C86-BCA3-D144383AA09D} = {68714C0C-9D15-3C86-BCA3-D144383AA09D}
		{9F6F19F1-A405-3402-9753-3A06580EB54E} = {9F6F19F1-A405-3402-9753-3A06580EB54E}
	EndProjectSection
EndProject
Project("{8BC9CEB8-8B4A-11D0-8D11-00A0C91BC942}") = "imguizmo", "imguizmo.vcxproj", "{FFFA8B1F-FF6A-3B44-A903-F481EE9FBA87}"
	ProjectSection(ProjectDependencies) = postProject
		{68714C0C-9D15-3C86-BCA3-D144383AA09D} = {68714C0C-9D15-3C86-BCA3-D144383AA09D}
	EndProjectSection
EndProject
Project("{8BC9CEB8-8B4A-11D0-8D11-00A0C91BC942}") = "imnodes", "imnodes.vcxproj", "{51CDBB4F-29CA-35BA-8DC3-F85BE5819BD2}"
	ProjectSection(ProjectDependencies) = postProject
		{68714C0C-9D15-3C86-BCA3-D144383AA09D} = {68714C0C-9D15-3C86-BCA3-D144383AA09D}
		{9F6F19F1-A405-3402-9753-3A06580EB54E} = {9F6F19F1-A405-3402-9753-3A06580EB54E}
		{1AB696FC-A832-39AD-8C00-C77204B324DB} = {1AB696FC-A832-39AD-8C00-C77204B324DB}
	EndProjectSection
EndProject
Project("{8BC9CEB8-8B4A-11D0-8D11-00A0C91BC942}") = "kananlib", "_deps\kananlib-build\kananlib.vcxproj", "{72D1E9B4-99FF-3274-B237-657696F29933}"
	ProjectSection(ProjectDependencies) = postProject
		{68714C0C-9D15-3C86-BCA3-D144383AA09D} = {68714C0C-9D15-3C86-BCA3-D144383AA09D}
		{E530CC3B-F452-364C-B8E6-34902E820ACB} = {E530CC3B-F452-364C-B8E6-34902E820ACB}
		{2A2BDF38-BBD0-358A-B6B4-F195600792AA} = {2A2BDF38-BBD0-358A-B6B4-F195600792AA}
	EndProjectSection
EndProject
Project("{8BC9CEB8-8B4A-11D0-8D11-00A0C91BC942}") = "kananlib-nolog", "_deps\kananlib-build\kananlib-nolog.vcxproj", "{DFFEA803-223A-3D1A-8ECF-58C4FA7294E2}"
	ProjectSection(ProjectDependencies) = postProject
		{68714C0C-9D15-3C86-BCA3-D144383AA09D} = {68714C0C-9D15-3C86-BCA3-D144383AA09D}
		{E530CC3B-F452-364C-B8E6-34902E820ACB} = {E530CC3B-F452-364C-B8E6-34902E820ACB}
		{2A2BDF38-BBD0-358A-B6B4-F195600792AA} = {2A2BDF38-BBD0-358A-B6B4-F195600792AA}
	EndProjectSection
EndProject
Project("{8BC9CEB8-8B4A-11D0-8D11-00A0C91BC942}") = "lua", "lua.vcxproj", "{88A9ED52-82EA-3679-80A3-345FBE8E298D}"
	ProjectSection(ProjectDependencies) = postProject
		{68714C0C-9D15-3C86-BCA3-D144383AA09D} = {68714C0C-9D15-3C86-BCA3-D144383AA09D}
	EndProjectSection
EndProject
Project("{8BC9CEB8-8B4A-11D0-8D11-00A0C91BC942}") = "mhws_tools_plugin", "mhws_tools_plugin.vcxproj", "{7FF61DC3-720D-3215-AB16-DAED644A01FA}"
	ProjectSection(ProjectDependencies) = postProject
		{68714C0C-9D15-3C86-BCA3-D144383AA09D} = {68714C0C-9D15-3C86-BCA3-D144383AA09D}
		{88A9ED52-82EA-3679-80A3-345FBE8E298D} = {88A9ED52-82EA-3679-80A3-345FBE8E298D}
	EndProjectSection
EndProject
Project("{8BC9CEB8-8B4A-11D0-8D11-00A0C91BC942}") = "minhook", "minhook.vcxproj", "{6AF1AF5B-0A8E-3741-941F-70548B350062}"
	ProjectSection(ProjectDependencies) = postProject
		{68714C0C-9D15-3C86-BCA3-D144383AA09D} = {68714C0C-9D15-3C86-BCA3-D144383AA09D}
	EndProjectSection
EndProject
Project("{8BC9CEB8-8B4A-11D0-8D11-00A0C91BC942}") = "openxr_loader", "_deps\openxr-build\src\loader\openxr_loader.vcxproj", "{B6F93E2E-A6B3-3029-8C33-DBCA5F05B9B1}"
	ProjectSection(ProjectDependencies) = postProject
		{68714C0C-9D15-3C86-BCA3-D144383AA09D} = {68714C0C-9D15-3C86-BCA3-D144383AA09D}
		{618079D5-8EB3-3D04-BDC3-7EE82DB342AB} = {618079D5-8EB3-3D04-BDC3-7EE82DB342AB}
		{332C2B7B-17CD-328B-B151-82DBC9F39A3A} = {332C2B7B-17CD-328B-B151-82DBC9F39A3A}
	EndProjectSection
EndProject
Project("{8BC9CEB8-8B4A-11D0-8D11-00A0C91BC942}") = "safetyhook", "_deps\safetyhook-build\safetyhook.vcxproj", "{6F35A46B-BF81-3239-A427-55E09C3FECFE}"
	ProjectSection(ProjectDependencies) = postProject
		{68714C0C-9D15-3C86-BCA3-D144383AA09D} = {68714C0C-9D15-3C86-BCA3-D144383AA09D}
		{C50728EC-8007-34B6-BD38-D186AC9B61A9} = {C50728EC-8007-34B6-BD38-D186AC9B61A9}
		{C2B70525-C8F7-377B-9001-BF4A906FA9A8} = {C2B70525-C8F7-377B-9001-BF4A906FA9A8}
	EndProjectSection
EndProject
Project("{8BC9CEB8-8B4A-11D0-8D11-00A0C91BC942}") = "spdlog", "spdlog.vcxproj", "{2A2BDF38-BBD0-358A-B6B4-F195600792AA}"
	ProjectSection(ProjectDependencies) = postProject
		{68714C0C-9D15-3C86-BCA3-D144383AA09D} = {68714C0C-9D15-3C86-BCA3-D144383AA09D}
	EndProjectSection
EndProject
Project("{8BC9CEB8-8B4A-11D0-8D11-00A0C91BC942}") = "uninstall", "_deps\openxr-build\uninstall.vcxproj", "{53DACE36-FBD8-38E7-91FB-3A16DB95F1E2}"
	ProjectSection(ProjectDependencies) = postProject
		{68714C0C-9D15-3C86-BCA3-D144383AA09D} = {68714C0C-9D15-3C86-BCA3-D144383AA09D}
	EndProjectSection
EndProject
Project("{8BC9CEB8-8B4A-11D0-8D11-00A0C91BC942}") = "utility", "utility.vcxproj", "{04F2A1CF-D80E-391F-93D8-B237A75DCE25}"
	ProjectSection(ProjectDependencies) = postProject
		{68714C0C-9D15-3C86-BCA3-D144383AA09D} = {68714C0C-9D15-3C86-BCA3-D144383AA09D}
		{C50728EC-8007-34B6-BD38-D186AC9B61A9} = {C50728EC-8007-34B6-BD38-D186AC9B61A9}
		{C2B70525-C8F7-377B-9001-BF4A906FA9A8} = {C2B70525-C8F7-377B-9001-BF4A906FA9A8}
		{E530CC3B-F452-364C-B8E6-34902E820ACB} = {E530CC3B-F452-364C-B8E6-34902E820ACB}
		{72D1E9B4-99FF-3274-B237-657696F29933} = {72D1E9B4-99FF-3274-B237-657696F29933}
		{6AF1AF5B-0A8E-3741-941F-70548B350062} = {6AF1AF5B-0A8E-3741-941F-70548B350062}
		{6F35A46B-BF81-3239-A427-55E09C3FECFE} = {6F35A46B-BF81-3239-A427-55E09C3FECFE}
		{2A2BDF38-BBD0-358A-B6B4-F195600792AA} = {2A2BDF38-BBD0-358A-B6B4-F195600792AA}
	EndProjectSection
EndProject
Project("{8BC9CEB8-8B4A-11D0-8D11-00A0C91BC942}") = "weapon_stay_big_plugin", "weapon_stay_big_plugin.vcxproj", "{A778F2A1-5B1C-3A7C-A17A-533DA8817EA7}"
	ProjectSection(ProjectDependencies) = postProject
		{68714C0C-9D15-3C86-BCA3-D144383AA09D} = {68714C0C-9D15-3C86-BCA3-D144383AA09D}
	EndProjectSection
EndProject
Project("{8BC9CEB8-8B4A-11D0-8D11-00A0C91BC942}") = "xr_global_generated_files", "_deps\openxr-build\src\xr_global_generated_files.vcxproj", "{332C2B7B-17CD-328B-B151-82DBC9F39A3A}"
	ProjectSection(ProjectDependencies) = postProject
		{68714C0C-9D15-3C86-BCA3-D144383AA09D} = {68714C0C-9D15-3C86-BCA3-D144383AA09D}
	EndProjectSection
EndProject
Global
	GlobalSection(SolutionConfigurationPlatforms) = preSolution
		Debug|x64 = Debug|x64
		Release|x64 = Release|x64
		MinSizeRel|x64 = MinSizeRel|x64
		RelWithDebInfo|x64 = RelWithDebInfo|x64
	EndGlobalSection
	GlobalSection(ProjectConfigurationPlatforms) = postSolution
		{887BC8AF-6384-33A2-9B2A-E4A7C01424DF}.Debug|x64.ActiveCfg = Debug|x64
		{887BC8AF-6384-33A2-9B2A-E4A7C01424DF}.Debug|x64.Build.0 = Debug|x64
		{887BC8AF-6384-33A2-9B2A-E4A7C01424DF}.Release|x64.ActiveCfg = Release|x64
		{887BC8AF-6384-33A2-9B2A-E4A7C01424DF}.Release|x64.Build.0 = Release|x64
		{887BC8AF-6384-33A2-9B2A-E4A7C01424DF}.MinSizeRel|x64.ActiveCfg = MinSizeRel|x64
		{887BC8AF-6384-33A2-9B2A-E4A7C01424DF}.MinSizeRel|x64.Build.0 = MinSizeRel|x64
		{887BC8AF-6384-33A2-9B2A-E4A7C01424DF}.RelWithDebInfo|x64.ActiveCfg = RelWithDebInfo|x64
		{887BC8AF-6384-33A2-9B2A-E4A7C01424DF}.RelWithDebInfo|x64.Build.0 = RelWithDebInfo|x64
		{04C1435F-67F6-31DF-B94F-D27D8BE42956}.Debug|x64.ActiveCfg = Debug|x64
		{04C1435F-67F6-31DF-B94F-D27D8BE42956}.Release|x64.ActiveCfg = Release|x64
		{04C1435F-67F6-31DF-B94F-D27D8BE42956}.MinSizeRel|x64.ActiveCfg = MinSizeRel|x64
		{04C1435F-67F6-31DF-B94F-D27D8BE42956}.RelWithDebInfo|x64.ActiveCfg = RelWithDebInfo|x64
		{4A037A88-228C-3B15-BA8C-65A140B26859}.Debug|x64.ActiveCfg = Debug|x64
		{4A037A88-228C-3B15-BA8C-65A140B26859}.Debug|x64.Build.0 = Debug|x64
		{4A037A88-228C-3B15-BA8C-65A140B26859}.Release|x64.ActiveCfg = Release|x64
		{4A037A88-228C-3B15-BA8C-65A140B26859}.Release|x64.Build.0 = Release|x64
		{4A037A88-228C-3B15-BA8C-65A140B26859}.MinSizeRel|x64.ActiveCfg = MinSizeRel|x64
		{4A037A88-228C-3B15-BA8C-65A140B26859}.MinSizeRel|x64.Build.0 = MinSizeRel|x64
		{4A037A88-228C-3B15-BA8C-65A140B26859}.RelWithDebInfo|x64.ActiveCfg = RelWithDebInfo|x64
		{4A037A88-228C-3B15-BA8C-65A140B26859}.RelWithDebInfo|x64.Build.0 = RelWithDebInfo|x64
		{77613F65-A24D-3651-9BCC-7ABDB34A0913}.Debug|x64.ActiveCfg = Debug|x64
		{77613F65-A24D-3651-9BCC-7ABDB34A0913}.Debug|x64.Build.0 = Debug|x64
		{77613F65-A24D-3651-9BCC-7ABDB34A0913}.Release|x64.ActiveCfg = Release|x64
		{77613F65-A24D-3651-9BCC-7ABDB34A0913}.Release|x64.Build.0 = Release|x64
		{77613F65-A24D-3651-9BCC-7ABDB34A0913}.MinSizeRel|x64.ActiveCfg = MinSizeRel|x64
		{77613F65-A24D-3651-9BCC-7ABDB34A0913}.MinSizeRel|x64.Build.0 = MinSizeRel|x64
		{77613F65-A24D-3651-9BCC-7ABDB34A0913}.RelWithDebInfo|x64.ActiveCfg = RelWithDebInfo|x64
		{77613F65-A24D-3651-9BCC-7ABDB34A0913}.RelWithDebInfo|x64.Build.0 = RelWithDebInfo|x64
		{496284C0-3AFA-3755-B30A-E294648933A9}.Debug|x64.ActiveCfg = Debug|x64
		{496284C0-3AFA-3755-B30A-E294648933A9}.Debug|x64.Build.0 = Debug|x64
		{496284C0-3AFA-3755-B30A-E294648933A9}.Release|x64.ActiveCfg = Release|x64
		{496284C0-3AFA-3755-B30A-E294648933A9}.Release|x64.Build.0 = Release|x64
		{496284C0-3AFA-3755-B30A-E294648933A9}.MinSizeRel|x64.ActiveCfg = MinSizeRel|x64
		{496284C0-3AFA-3755-B30A-E294648933A9}.MinSizeRel|x64.Build.0 = MinSizeRel|x64
		{496284C0-3AFA-3755-B30A-E294648933A9}.RelWithDebInfo|x64.ActiveCfg = RelWithDebInfo|x64
		{496284C0-3AFA-3755-B30A-E294648933A9}.RelWithDebInfo|x64.Build.0 = RelWithDebInfo|x64
		{F52ACAB4-65A1-39A2-BACE-F2973B1A279F}.Debug|x64.ActiveCfg = Debug|x64
		{F52ACAB4-65A1-39A2-BACE-F2973B1A279F}.Debug|x64.Build.0 = Debug|x64
		{F52ACAB4-65A1-39A2-BACE-F2973B1A279F}.Release|x64.ActiveCfg = Release|x64
		{F52ACAB4-65A1-39A2-BACE-F2973B1A279F}.Release|x64.Build.0 = Release|x64
		{F52ACAB4-65A1-39A2-BACE-F2973B1A279F}.MinSizeRel|x64.ActiveCfg = MinSizeRel|x64
		{F52ACAB4-65A1-39A2-BACE-F2973B1A279F}.MinSizeRel|x64.Build.0 = MinSizeRel|x64
		{F52ACAB4-65A1-39A2-BACE-F2973B1A279F}.RelWithDebInfo|x64.ActiveCfg = RelWithDebInfo|x64
		{F52ACAB4-65A1-39A2-BACE-F2973B1A279F}.RelWithDebInfo|x64.Build.0 = RelWithDebInfo|x64
		{2C21A679-F3BA-35D2-B50A-20F4401A0BC6}.Debug|x64.ActiveCfg = Debug|x64
		{2C21A679-F3BA-35D2-B50A-20F4401A0BC6}.Debug|x64.Build.0 = Debug|x64
		{2C21A679-F3BA-35D2-B50A-20F4401A0BC6}.Release|x64.ActiveCfg = Release|x64
		{2C21A679-F3BA-35D2-B50A-20F4401A0BC6}.Release|x64.Build.0 = Release|x64
		{2C21A679-F3BA-35D2-B50A-20F4401A0BC6}.MinSizeRel|x64.ActiveCfg = MinSizeRel|x64
		{2C21A679-F3BA-35D2-B50A-20F4401A0BC6}.MinSizeRel|x64.Build.0 = MinSizeRel|x64
		{2C21A679-F3BA-35D2-B50A-20F4401A0BC6}.RelWithDebInfo|x64.ActiveCfg = RelWithDebInfo|x64
		{2C21A679-F3BA-35D2-B50A-20F4401A0BC6}.RelWithDebInfo|x64.Build.0 = RelWithDebInfo|x64
		{7FC1FA38-990C-39D7-841C-739987BDF183}.Debug|x64.ActiveCfg = Debug|x64
		{7FC1FA38-990C-39D7-841C-739987BDF183}.Debug|x64.Build.0 = Debug|x64
		{7FC1FA38-990C-39D7-841C-739987BDF183}.Release|x64.ActiveCfg = Release|x64
		{7FC1FA38-990C-39D7-841C-739987BDF183}.Release|x64.Build.0 = Release|x64
		{7FC1FA38-990C-39D7-841C-739987BDF183}.MinSizeRel|x64.ActiveCfg = MinSizeRel|x64
		{7FC1FA38-990C-39D7-841C-739987BDF183}.MinSizeRel|x64.Build.0 = MinSizeRel|x64
		{7FC1FA38-990C-39D7-841C-739987BDF183}.RelWithDebInfo|x64.ActiveCfg = RelWithDebInfo|x64
		{7FC1FA38-990C-39D7-841C-739987BDF183}.RelWithDebInfo|x64.Build.0 = RelWithDebInfo|x64
		{584FBDB5-7F63-35FD-A652-7520375017F1}.Debug|x64.ActiveCfg = Debug|x64
		{584FBDB5-7F63-35FD-A652-7520375017F1}.Release|x64.ActiveCfg = Release|x64
		{584FBDB5-7F63-35FD-A652-7520375017F1}.MinSizeRel|x64.ActiveCfg = MinSizeRel|x64
		{584FBDB5-7F63-35FD-A652-7520375017F1}.RelWithDebInfo|x64.ActiveCfg = RelWithDebInfo|x64
		{ED184F39-6C7F-3EFC-ACF4-EF3A690E376B}.Debug|x64.ActiveCfg = Debug|x64
		{ED184F39-6C7F-3EFC-ACF4-EF3A690E376B}.Release|x64.ActiveCfg = Release|x64
		{ED184F39-6C7F-3EFC-ACF4-EF3A690E376B}.MinSizeRel|x64.ActiveCfg = MinSizeRel|x64
		{ED184F39-6C7F-3EFC-ACF4-EF3A690E376B}.RelWithDebInfo|x64.ActiveCfg = RelWithDebInfo|x64
		{44D11FBE-2792-3F70-8296-C8E055CC33C1}.Debug|x64.ActiveCfg = Debug|x64
		{44D11FBE-2792-3F70-8296-C8E055CC33C1}.Debug|x64.Build.0 = Debug|x64
		{44D11FBE-2792-3F70-8296-C8E055CC33C1}.Release|x64.ActiveCfg = Release|x64
		{44D11FBE-2792-3F70-8296-C8E055CC33C1}.Release|x64.Build.0 = Release|x64
		{44D11FBE-2792-3F70-8296-C8E055CC33C1}.MinSizeRel|x64.ActiveCfg = MinSizeRel|x64
		{44D11FBE-2792-3F70-8296-C8E055CC33C1}.MinSizeRel|x64.Build.0 = MinSizeRel|x64
		{44D11FBE-2792-3F70-8296-C8E055CC33C1}.RelWithDebInfo|x64.ActiveCfg = RelWithDebInfo|x64
		{44D11FBE-2792-3F70-8296-C8E055CC33C1}.RelWithDebInfo|x64.Build.0 = RelWithDebInfo|x64
		{2EF796B2-EEF0-3923-94DD-F1DA56CF3E0D}.Debug|x64.ActiveCfg = Debug|x64
		{2EF796B2-EEF0-3923-94DD-F1DA56CF3E0D}.Debug|x64.Build.0 = Debug|x64
		{2EF796B2-EEF0-3923-94DD-F1DA56CF3E0D}.Release|x64.ActiveCfg = Release|x64
		{2EF796B2-EEF0-3923-94DD-F1DA56CF3E0D}.Release|x64.Build.0 = Release|x64
		{2EF796B2-EEF0-3923-94DD-F1DA56CF3E0D}.MinSizeRel|x64.ActiveCfg = MinSizeRel|x64
		{2EF796B2-EEF0-3923-94DD-F1DA56CF3E0D}.MinSizeRel|x64.Build.0 = MinSizeRel|x64
		{2EF796B2-EEF0-3923-94DD-F1DA56CF3E0D}.RelWithDebInfo|x64.ActiveCfg = RelWithDebInfo|x64
		{2EF796B2-EEF0-3923-94DD-F1DA56CF3E0D}.RelWithDebInfo|x64.Build.0 = RelWithDebInfo|x64
		{A64ED225-E87E-3ED3-85D8-ED5E06C1CC6F}.Debug|x64.ActiveCfg = Debug|x64
		{A64ED225-E87E-3ED3-85D8-ED5E06C1CC6F}.Debug|x64.Build.0 = Debug|x64
		{A64ED225-E87E-3ED3-85D8-ED5E06C1CC6F}.Release|x64.ActiveCfg = Release|x64
		{A64ED225-E87E-3ED3-85D8-ED5E06C1CC6F}.Release|x64.Build.0 = Release|x64
		{A64ED225-E87E-3ED3-85D8-ED5E06C1CC6F}.MinSizeRel|x64.ActiveCfg = MinSizeRel|x64
		{A64ED225-E87E-3ED3-85D8-ED5E06C1CC6F}.MinSizeRel|x64.Build.0 = MinSizeRel|x64
		{A64ED225-E87E-3ED3-85D8-ED5E06C1CC6F}.RelWithDebInfo|x64.ActiveCfg = RelWithDebInfo|x64
		{A64ED225-E87E-3ED3-85D8-ED5E06C1CC6F}.RelWithDebInfo|x64.Build.0 = RelWithDebInfo|x64
		{C6F135B5-B9AF-386C-8F1E-4F52D1233EEC}.Debug|x64.ActiveCfg = Debug|x64
		{C6F135B5-B9AF-386C-8F1E-4F52D1233EEC}.Debug|x64.Build.0 = Debug|x64
		{C6F135B5-B9AF-386C-8F1E-4F52D1233EEC}.Release|x64.ActiveCfg = Release|x64
		{C6F135B5-B9AF-386C-8F1E-4F52D1233EEC}.Release|x64.Build.0 = Release|x64
		{C6F135B5-B9AF-386C-8F1E-4F52D1233EEC}.MinSizeRel|x64.ActiveCfg = MinSizeRel|x64
		{C6F135B5-B9AF-386C-8F1E-4F52D1233EEC}.MinSizeRel|x64.Build.0 = MinSizeRel|x64
		{C6F135B5-B9AF-386C-8F1E-4F52D1233EEC}.RelWithDebInfo|x64.ActiveCfg = RelWithDebInfo|x64
		{C6F135B5-B9AF-386C-8F1E-4F52D1233EEC}.RelWithDebInfo|x64.Build.0 = RelWithDebInfo|x64
		{10274ED8-E5AF-3A02-8185-2CA72D4690FD}.Debug|x64.ActiveCfg = Debug|x64
		{10274ED8-E5AF-3A02-8185-2CA72D4690FD}.Release|x64.ActiveCfg = Release|x64
		{10274ED8-E5AF-3A02-8185-2CA72D4690FD}.MinSizeRel|x64.ActiveCfg = MinSizeRel|x64
		{10274ED8-E5AF-3A02-8185-2CA72D4690FD}.RelWithDebInfo|x64.ActiveCfg = RelWithDebInfo|x64
		{EC887101-BD7F-3261-8A41-49AA69370678}.Debug|x64.ActiveCfg = Debug|x64
		{EC887101-BD7F-3261-8A41-49AA69370678}.Release|x64.ActiveCfg = Release|x64
		{EC887101-BD7F-3261-8A41-49AA69370678}.MinSizeRel|x64.ActiveCfg = MinSizeRel|x64
		{EC887101-BD7F-3261-8A41-49AA69370678}.RelWithDebInfo|x64.ActiveCfg = RelWithDebInfo|x64
		{AE008863-625D-3459-AA4B-D616D3077499}.Debug|x64.ActiveCfg = Debug|x64
		{AE008863-625D-3459-AA4B-D616D3077499}.Release|x64.ActiveCfg = Release|x64
		{AE008863-625D-3459-AA4B-D616D3077499}.MinSizeRel|x64.ActiveCfg = MinSizeRel|x64
		{AE008863-625D-3459-AA4B-D616D3077499}.RelWithDebInfo|x64.ActiveCfg = RelWithDebInfo|x64
		{3B02FB6E-6E38-317D-8D9D-E70B4C87E978}.Debug|x64.ActiveCfg = Debug|x64
		{3B02FB6E-6E38-317D-8D9D-E70B4C87E978}.Debug|x64.Build.0 = Debug|x64
		{3B02FB6E-6E38-317D-8D9D-E70B4C87E978}.Release|x64.ActiveCfg = Release|x64
		{3B02FB6E-6E38-317D-8D9D-E70B4C87E978}.Release|x64.Build.0 = Release|x64
		{3B02FB6E-6E38-317D-8D9D-E70B4C87E978}.MinSizeRel|x64.ActiveCfg = MinSizeRel|x64
		{3B02FB6E-6E38-317D-8D9D-E70B4C87E978}.MinSizeRel|x64.Build.0 = MinSizeRel|x64
		{3B02FB6E-6E38-317D-8D9D-E70B4C87E978}.RelWithDebInfo|x64.ActiveCfg = RelWithDebInfo|x64
		{3B02FB6E-6E38-317D-8D9D-E70B4C87E978}.RelWithDebInfo|x64.Build.0 = RelWithDebInfo|x64
		{D8D8C4E6-B7E1-3E79-9816-13E80AD53CC4}.Debug|x64.ActiveCfg = Debug|x64
		{D8D8C4E6-B7E1-3E79-9816-13E80AD53CC4}.Debug|x64.Build.0 = Debug|x64
		{D8D8C4E6-B7E1-3E79-9816-13E80AD53CC4}.Release|x64.ActiveCfg = Release|x64
		{D8D8C4E6-B7E1-3E79-9816-13E80AD53CC4}.Release|x64.Build.0 = Release|x64
		{D8D8C4E6-B7E1-3E79-9816-13E80AD53CC4}.MinSizeRel|x64.ActiveCfg = MinSizeRel|x64
		{D8D8C4E6-B7E1-3E79-9816-13E80AD53CC4}.MinSizeRel|x64.Build.0 = MinSizeRel|x64
		{D8D8C4E6-B7E1-3E79-9816-13E80AD53CC4}.RelWithDebInfo|x64.ActiveCfg = RelWithDebInfo|x64
		{D8D8C4E6-B7E1-3E79-9816-13E80AD53CC4}.RelWithDebInfo|x64.Build.0 = RelWithDebInfo|x64
		{C764D1AC-0FA4-3518-90C0-D945321B6C30}.Debug|x64.ActiveCfg = Debug|x64
		{C764D1AC-0FA4-3518-90C0-D945321B6C30}.Debug|x64.Build.0 = Debug|x64
		{C764D1AC-0FA4-3518-90C0-D945321B6C30}.Release|x64.ActiveCfg = Release|x64
		{C764D1AC-0FA4-3518-90C0-D945321B6C30}.Release|x64.Build.0 = Release|x64
		{C764D1AC-0FA4-3518-90C0-D945321B6C30}.MinSizeRel|x64.ActiveCfg = MinSizeRel|x64
		{C764D1AC-0FA4-3518-90C0-D945321B6C30}.MinSizeRel|x64.Build.0 = MinSizeRel|x64
		{C764D1AC-0FA4-3518-90C0-D945321B6C30}.RelWithDebInfo|x64.ActiveCfg = RelWithDebInfo|x64
		{C764D1AC-0FA4-3518-90C0-D945321B6C30}.RelWithDebInfo|x64.Build.0 = RelWithDebInfo|x64
		{78A531F1-806F-3A30-8C0C-A83AE4184A47}.Debug|x64.ActiveCfg = Debug|x64
		{78A531F1-806F-3A30-8C0C-A83AE4184A47}.Debug|x64.Build.0 = Debug|x64
		{78A531F1-806F-3A30-8C0C-A83AE4184A47}.Release|x64.ActiveCfg = Release|x64
		{78A531F1-806F-3A30-8C0C-A83AE4184A47}.Release|x64.Build.0 = Release|x64
		{78A531F1-806F-3A30-8C0C-A83AE4184A47}.MinSizeRel|x64.ActiveCfg = MinSizeRel|x64
		{78A531F1-806F-3A30-8C0C-A83AE4184A47}.MinSizeRel|x64.Build.0 = MinSizeRel|x64
		{78A531F1-806F-3A30-8C0C-A83AE4184A47}.RelWithDebInfo|x64.ActiveCfg = RelWithDebInfo|x64
		{78A531F1-806F-3A30-8C0C-A83AE4184A47}.RelWithDebInfo|x64.Build.0 = RelWithDebInfo|x64
		{759B974D-8A7E-3021-8446-CFB5E5E7E551}.Debug|x64.ActiveCfg = Debug|x64
		{759B974D-8A7E-3021-8446-CFB5E5E7E551}.Debug|x64.Build.0 = Debug|x64
		{759B974D-8A7E-3021-8446-CFB5E5E7E551}.Release|x64.ActiveCfg = Release|x64
		{759B974D-8A7E-3021-8446-CFB5E5E7E551}.Release|x64.Build.0 = Release|x64
		{759B974D-8A7E-3021-8446-CFB5E5E7E551}.MinSizeRel|x64.ActiveCfg = MinSizeRel|x64
		{759B974D-8A7E-3021-8446-CFB5E5E7E551}.MinSizeRel|x64.Build.0 = MinSizeRel|x64
		{759B974D-8A7E-3021-8446-CFB5E5E7E551}.RelWithDebInfo|x64.ActiveCfg = RelWithDebInfo|x64
		{759B974D-8A7E-3021-8446-CFB5E5E7E551}.RelWithDebInfo|x64.Build.0 = RelWithDebInfo|x64
		{F1C50DE5-3ADD-380A-AF0B-831E68703235}.Debug|x64.ActiveCfg = Debug|x64
		{F1C50DE5-3ADD-380A-AF0B-831E68703235}.Debug|x64.Build.0 = Debug|x64
		{F1C50DE5-3ADD-380A-AF0B-831E68703235}.Release|x64.ActiveCfg = Release|x64
		{F1C50DE5-3ADD-380A-AF0B-831E68703235}.Release|x64.Build.0 = Release|x64
		{F1C50DE5-3ADD-380A-AF0B-831E68703235}.MinSizeRel|x64.ActiveCfg = MinSizeRel|x64
		{F1C50DE5-3ADD-380A-AF0B-831E68703235}.MinSizeRel|x64.Build.0 = MinSizeRel|x64
		{F1C50DE5-3ADD-380A-AF0B-831E68703235}.RelWithDebInfo|x64.ActiveCfg = RelWithDebInfo|x64
		{F1C50DE5-3ADD-380A-AF0B-831E68703235}.RelWithDebInfo|x64.Build.0 = RelWithDebInfo|x64
		{31F211C1-C675-3FD5-BFA7-17E7CAA91815}.Debug|x64.ActiveCfg = Debug|x64
		{31F211C1-C675-3FD5-BFA7-17E7CAA91815}.Debug|x64.Build.0 = Debug|x64
		{31F211C1-C675-3FD5-BFA7-17E7CAA91815}.Release|x64.ActiveCfg = Release|x64
		{31F211C1-C675-3FD5-BFA7-17E7CAA91815}.Release|x64.Build.0 = Release|x64
		{31F211C1-C675-3FD5-BFA7-17E7CAA91815}.MinSizeRel|x64.ActiveCfg = MinSizeRel|x64
		{31F211C1-C675-3FD5-BFA7-17E7CAA91815}.MinSizeRel|x64.Build.0 = MinSizeRel|x64
		{31F211C1-C675-3FD5-BFA7-17E7CAA91815}.RelWithDebInfo|x64.ActiveCfg = RelWithDebInfo|x64
		{31F211C1-C675-3FD5-BFA7-17E7CAA91815}.RelWithDebInfo|x64.Build.0 = RelWithDebInfo|x64
		{9CA014CF-A763-3D5F-B98B-F2465926FADF}.Debug|x64.ActiveCfg = Debug|x64
		{9CA014CF-A763-3D5F-B98B-F2465926FADF}.Debug|x64.Build.0 = Debug|x64
		{9CA014CF-A763-3D5F-B98B-F2465926FADF}.Release|x64.ActiveCfg = Release|x64
		{9CA014CF-A763-3D5F-B98B-F2465926FADF}.Release|x64.Build.0 = Release|x64
		{9CA014CF-A763-3D5F-B98B-F2465926FADF}.MinSizeRel|x64.ActiveCfg = MinSizeRel|x64
		{9CA014CF-A763-3D5F-B98B-F2465926FADF}.MinSizeRel|x64.Build.0 = MinSizeRel|x64
		{9CA014CF-A763-3D5F-B98B-F2465926FADF}.RelWithDebInfo|x64.ActiveCfg = RelWithDebInfo|x64
		{9CA014CF-A763-3D5F-B98B-F2465926FADF}.RelWithDebInfo|x64.Build.0 = RelWithDebInfo|x64
		{BB269532-8A3F-3872-A737-E181D357A873}.Debug|x64.ActiveCfg = Debug|x64
		{BB269532-8A3F-3872-A737-E181D357A873}.Debug|x64.Build.0 = Debug|x64
		{BB269532-8A3F-3872-A737-E181D357A873}.Release|x64.ActiveCfg = Release|x64
		{BB269532-8A3F-3872-A737-E181D357A873}.Release|x64.Build.0 = Release|x64
		{BB269532-8A3F-3872-A737-E181D357A873}.MinSizeRel|x64.ActiveCfg = MinSizeRel|x64
		{BB269532-8A3F-3872-A737-E181D357A873}.MinSizeRel|x64.Build.0 = MinSizeRel|x64
		{BB269532-8A3F-3872-A737-E181D357A873}.RelWithDebInfo|x64.ActiveCfg = RelWithDebInfo|x64
		{BB269532-8A3F-3872-A737-E181D357A873}.RelWithDebInfo|x64.Build.0 = RelWithDebInfo|x64
		{A13518A2-317E-3575-9C7B-F87FE59AE7D4}.Debug|x64.ActiveCfg = Debug|x64
		{A13518A2-317E-3575-9C7B-F87FE59AE7D4}.Debug|x64.Build.0 = Debug|x64
		{A13518A2-317E-3575-9C7B-F87FE59AE7D4}.Release|x64.ActiveCfg = Release|x64
		{A13518A2-317E-3575-9C7B-F87FE59AE7D4}.Release|x64.Build.0 = Release|x64
		{A13518A2-317E-3575-9C7B-F87FE59AE7D4}.MinSizeRel|x64.ActiveCfg = MinSizeRel|x64
		{A13518A2-317E-3575-9C7B-F87FE59AE7D4}.MinSizeRel|x64.Build.0 = MinSizeRel|x64
		{A13518A2-317E-3575-9C7B-F87FE59AE7D4}.RelWithDebInfo|x64.ActiveCfg = RelWithDebInfo|x64
		{A13518A2-317E-3575-9C7B-F87FE59AE7D4}.RelWithDebInfo|x64.Build.0 = RelWithDebInfo|x64
		{F2ECD723-A434-381C-A3F0-97DE5AE5E639}.Debug|x64.ActiveCfg = Debug|x64
		{F2ECD723-A434-381C-A3F0-97DE5AE5E639}.Debug|x64.Build.0 = Debug|x64
		{F2ECD723-A434-381C-A3F0-97DE5AE5E639}.Release|x64.ActiveCfg = Release|x64
		{F2ECD723-A434-381C-A3F0-97DE5AE5E639}.Release|x64.Build.0 = Release|x64
		{F2ECD723-A434-381C-A3F0-97DE5AE5E639}.MinSizeRel|x64.ActiveCfg = MinSizeRel|x64
		{F2ECD723-A434-381C-A3F0-97DE5AE5E639}.MinSizeRel|x64.Build.0 = MinSizeRel|x64
		{F2ECD723-A434-381C-A3F0-97DE5AE5E639}.RelWithDebInfo|x64.ActiveCfg = RelWithDebInfo|x64
		{F2ECD723-A434-381C-A3F0-97DE5AE5E639}.RelWithDebInfo|x64.Build.0 = RelWithDebInfo|x64
		{9CB11187-6BE1-3B6D-A4C9-5DC582638B35}.Debug|x64.ActiveCfg = Debug|x64
		{9CB11187-6BE1-3B6D-A4C9-5DC582638B35}.Debug|x64.Build.0 = Debug|x64
		{9CB11187-6BE1-3B6D-A4C9-5DC582638B35}.Release|x64.ActiveCfg = Release|x64
		{9CB11187-6BE1-3B6D-A4C9-5DC582638B35}.Release|x64.Build.0 = Release|x64
		{9CB11187-6BE1-3B6D-A4C9-5DC582638B35}.MinSizeRel|x64.ActiveCfg = MinSizeRel|x64
		{9CB11187-6BE1-3B6D-A4C9-5DC582638B35}.MinSizeRel|x64.Build.0 = MinSizeRel|x64
		{9CB11187-6BE1-3B6D-A4C9-5DC582638B35}.RelWithDebInfo|x64.ActiveCfg = RelWithDebInfo|x64
		{9CB11187-6BE1-3B6D-A4C9-5DC582638B35}.RelWithDebInfo|x64.Build.0 = RelWithDebInfo|x64
		{97D823C3-130D-3629-93B7-E458A57DCCED}.Debug|x64.ActiveCfg = Debug|x64
		{97D823C3-130D-3629-93B7-E458A57DCCED}.Debug|x64.Build.0 = Debug|x64
		{97D823C3-130D-3629-93B7-E458A57DCCED}.Release|x64.ActiveCfg = Release|x64
		{97D823C3-130D-3629-93B7-E458A57DCCED}.Release|x64.Build.0 = Release|x64
		{97D823C3-130D-3629-93B7-E458A57DCCED}.MinSizeRel|x64.ActiveCfg = MinSizeRel|x64
		{97D823C3-130D-3629-93B7-E458A57DCCED}.MinSizeRel|x64.Build.0 = MinSizeRel|x64
		{97D823C3-130D-3629-93B7-E458A57DCCED}.RelWithDebInfo|x64.ActiveCfg = RelWithDebInfo|x64
		{97D823C3-130D-3629-93B7-E458A57DCCED}.RelWithDebInfo|x64.Build.0 = RelWithDebInfo|x64
		{13FEFE95-F625-390F-B661-529AE8321771}.Debug|x64.ActiveCfg = Debug|x64
		{13FEFE95-F625-390F-B661-529AE8321771}.Debug|x64.Build.0 = Debug|x64
		{13FEFE95-F625-390F-B661-529AE8321771}.Release|x64.ActiveCfg = Release|x64
		{13FEFE95-F625-390F-B661-529AE8321771}.Release|x64.Build.0 = Release|x64
		{13FEFE95-F625-390F-B661-529AE8321771}.MinSizeRel|x64.ActiveCfg = MinSizeRel|x64
		{13FEFE95-F625-390F-B661-529AE8321771}.MinSizeRel|x64.Build.0 = MinSizeRel|x64
		{13FEFE95-F625-390F-B661-529AE8321771}.RelWithDebInfo|x64.ActiveCfg = RelWithDebInfo|x64
		{13FEFE95-F625-390F-B661-529AE8321771}.RelWithDebInfo|x64.Build.0 = RelWithDebInfo|x64
		{CEED1D3F-9E58-3A17-808E-FA10FD74F4AF}.Debug|x64.ActiveCfg = Debug|x64
		{CEED1D3F-9E58-3A17-808E-FA10FD74F4AF}.Debug|x64.Build.0 = Debug|x64
		{CEED1D3F-9E58-3A17-808E-FA10FD74F4AF}.Release|x64.ActiveCfg = Release|x64
		{CEED1D3F-9E58-3A17-808E-FA10FD74F4AF}.Release|x64.Build.0 = Release|x64
		{CEED1D3F-9E58-3A17-808E-FA10FD74F4AF}.MinSizeRel|x64.ActiveCfg = MinSizeRel|x64
		{CEED1D3F-9E58-3A17-808E-FA10FD74F4AF}.MinSizeRel|x64.Build.0 = MinSizeRel|x64
		{CEED1D3F-9E58-3A17-808E-FA10FD74F4AF}.RelWithDebInfo|x64.ActiveCfg = RelWithDebInfo|x64
		{CEED1D3F-9E58-3A17-808E-FA10FD74F4AF}.RelWithDebInfo|x64.Build.0 = RelWithDebInfo|x64
		{3C13EEF9-80AF-321E-9619-AC03A84F6AD3}.Debug|x64.ActiveCfg = Debug|x64
		{3C13EEF9-80AF-321E-9619-AC03A84F6AD3}.Debug|x64.Build.0 = Debug|x64
		{3C13EEF9-80AF-321E-9619-AC03A84F6AD3}.Release|x64.ActiveCfg = Release|x64
		{3C13EEF9-80AF-321E-9619-AC03A84F6AD3}.Release|x64.Build.0 = Release|x64
		{3C13EEF9-80AF-321E-9619-AC03A84F6AD3}.MinSizeRel|x64.ActiveCfg = MinSizeRel|x64
		{3C13EEF9-80AF-321E-9619-AC03A84F6AD3}.MinSizeRel|x64.Build.0 = MinSizeRel|x64
		{3C13EEF9-80AF-321E-9619-AC03A84F6AD3}.RelWithDebInfo|x64.ActiveCfg = RelWithDebInfo|x64
		{3C13EEF9-80AF-321E-9619-AC03A84F6AD3}.RelWithDebInfo|x64.Build.0 = RelWithDebInfo|x64
		{848FF486-3FE8-320B-A847-CE3DF5438DE0}.Debug|x64.ActiveCfg = Debug|x64
		{848FF486-3FE8-320B-A847-CE3DF5438DE0}.Debug|x64.Build.0 = Debug|x64
		{848FF486-3FE8-320B-A847-CE3DF5438DE0}.Release|x64.ActiveCfg = Release|x64
		{848FF486-3FE8-320B-A847-CE3DF5438DE0}.Release|x64.Build.0 = Release|x64
		{848FF486-3FE8-320B-A847-CE3DF5438DE0}.MinSizeRel|x64.ActiveCfg = MinSizeRel|x64
		{848FF486-3FE8-320B-A847-CE3DF5438DE0}.MinSizeRel|x64.Build.0 = MinSizeRel|x64
		{848FF486-3FE8-320B-A847-CE3DF5438DE0}.RelWithDebInfo|x64.ActiveCfg = RelWithDebInfo|x64
		{848FF486-3FE8-320B-A847-CE3DF5438DE0}.RelWithDebInfo|x64.Build.0 = RelWithDebInfo|x64
		{19CB701C-8F01-37C1-B217-F43BD5C168F5}.Debug|x64.ActiveCfg = Debug|x64
		{19CB701C-8F01-37C1-B217-F43BD5C168F5}.Debug|x64.Build.0 = Debug|x64
		{19CB701C-8F01-37C1-B217-F43BD5C168F5}.Release|x64.ActiveCfg = Release|x64
		{19CB701C-8F01-37C1-B217-F43BD5C168F5}.Release|x64.Build.0 = Release|x64
		{19CB701C-8F01-37C1-B217-F43BD5C168F5}.MinSizeRel|x64.ActiveCfg = MinSizeRel|x64
		{19CB701C-8F01-37C1-B217-F43BD5C168F5}.MinSizeRel|x64.Build.0 = MinSizeRel|x64
		{19CB701C-8F01-37C1-B217-F43BD5C168F5}.RelWithDebInfo|x64.ActiveCfg = RelWithDebInfo|x64
		{19CB701C-8F01-37C1-B217-F43BD5C168F5}.RelWithDebInfo|x64.Build.0 = RelWithDebInfo|x64
		{52FA7EBA-41CB-3703-A4BB-BFC773144FFF}.Debug|x64.ActiveCfg = Debug|x64
		{52FA7EBA-41CB-3703-A4BB-BFC773144FFF}.Debug|x64.Build.0 = Debug|x64
		{52FA7EBA-41CB-3703-A4BB-BFC773144FFF}.Release|x64.ActiveCfg = Release|x64
		{52FA7EBA-41CB-3703-A4BB-BFC773144FFF}.Release|x64.Build.0 = Release|x64
		{52FA7EBA-41CB-3703-A4BB-BFC773144FFF}.MinSizeRel|x64.ActiveCfg = MinSizeRel|x64
		{52FA7EBA-41CB-3703-A4BB-BFC773144FFF}.MinSizeRel|x64.Build.0 = MinSizeRel|x64
		{52FA7EBA-41CB-3703-A4BB-BFC773144FFF}.RelWithDebInfo|x64.ActiveCfg = RelWithDebInfo|x64
		{52FA7EBA-41CB-3703-A4BB-BFC773144FFF}.RelWithDebInfo|x64.Build.0 = RelWithDebInfo|x64
		{23DD1EFA-19AB-38EC-9269-A902550AD3E2}.Debug|x64.ActiveCfg = Debug|x64
		{23DD1EFA-19AB-38EC-9269-A902550AD3E2}.Debug|x64.Build.0 = Debug|x64
		{23DD1EFA-19AB-38EC-9269-A902550AD3E2}.Release|x64.ActiveCfg = Release|x64
		{23DD1EFA-19AB-38EC-9269-A902550AD3E2}.Release|x64.Build.0 = Release|x64
		{23DD1EFA-19AB-38EC-9269-A902550AD3E2}.MinSizeRel|x64.ActiveCfg = MinSizeRel|x64
		{23DD1EFA-19AB-38EC-9269-A902550AD3E2}.MinSizeRel|x64.Build.0 = MinSizeRel|x64
		{23DD1EFA-19AB-38EC-9269-A902550AD3E2}.RelWithDebInfo|x64.ActiveCfg = RelWithDebInfo|x64
		{23DD1EFA-19AB-38EC-9269-A902550AD3E2}.RelWithDebInfo|x64.Build.0 = RelWithDebInfo|x64
		{68714C0C-9D15-3C86-BCA3-D144383AA09D}.Debug|x64.ActiveCfg = Debug|x64
		{68714C0C-9D15-3C86-BCA3-D144383AA09D}.Debug|x64.Build.0 = Debug|x64
		{68714C0C-9D15-3C86-BCA3-D144383AA09D}.Release|x64.ActiveCfg = Release|x64
		{68714C0C-9D15-3C86-BCA3-D144383AA09D}.Release|x64.Build.0 = Release|x64
		{68714C0C-9D15-3C86-BCA3-D144383AA09D}.MinSizeRel|x64.ActiveCfg = MinSizeRel|x64
		{68714C0C-9D15-3C86-BCA3-D144383AA09D}.MinSizeRel|x64.Build.0 = MinSizeRel|x64
		{68714C0C-9D15-3C86-BCA3-D144383AA09D}.RelWithDebInfo|x64.ActiveCfg = RelWithDebInfo|x64
		{68714C0C-9D15-3C86-BCA3-D144383AA09D}.RelWithDebInfo|x64.Build.0 = RelWithDebInfo|x64
		{C50728EC-8007-34B6-BD38-D186AC9B61A9}.Debug|x64.ActiveCfg = Debug|x64
		{C50728EC-8007-34B6-BD38-D186AC9B61A9}.Debug|x64.Build.0 = Debug|x64
		{C50728EC-8007-34B6-BD38-D186AC9B61A9}.Release|x64.ActiveCfg = Release|x64
		{C50728EC-8007-34B6-BD38-D186AC9B61A9}.Release|x64.Build.0 = Release|x64
		{C50728EC-8007-34B6-BD38-D186AC9B61A9}.MinSizeRel|x64.ActiveCfg = MinSizeRel|x64
		{C50728EC-8007-34B6-BD38-D186AC9B61A9}.MinSizeRel|x64.Build.0 = MinSizeRel|x64
		{C50728EC-8007-34B6-BD38-D186AC9B61A9}.RelWithDebInfo|x64.ActiveCfg = RelWithDebInfo|x64
		{C50728EC-8007-34B6-BD38-D186AC9B61A9}.RelWithDebInfo|x64.Build.0 = RelWithDebInfo|x64
		{C2B70525-C8F7-377B-9001-BF4A906FA9A8}.Debug|x64.ActiveCfg = Debug|x64
		{C2B70525-C8F7-377B-9001-BF4A906FA9A8}.Debug|x64.Build.0 = Debug|x64
		{C2B70525-C8F7-377B-9001-BF4A906FA9A8}.Release|x64.ActiveCfg = Release|x64
		{C2B70525-C8F7-377B-9001-BF4A906FA9A8}.Release|x64.Build.0 = Release|x64
		{C2B70525-C8F7-377B-9001-BF4A906FA9A8}.MinSizeRel|x64.ActiveCfg = MinSizeRel|x64
		{C2B70525-C8F7-377B-9001-BF4A906FA9A8}.MinSizeRel|x64.Build.0 = MinSizeRel|x64
		{C2B70525-C8F7-377B-9001-BF4A906FA9A8}.RelWithDebInfo|x64.ActiveCfg = RelWithDebInfo|x64
		{C2B70525-C8F7-377B-9001-BF4A906FA9A8}.RelWithDebInfo|x64.Build.0 = RelWithDebInfo|x64
		{4EC0E5FC-D013-32F8-9339-C3680E7998DF}.Debug|x64.ActiveCfg = Debug|x64
		{4EC0E5FC-D013-32F8-9339-C3680E7998DF}.Debug|x64.Build.0 = Debug|x64
		{4EC0E5FC-D013-32F8-9339-C3680E7998DF}.Release|x64.ActiveCfg = Release|x64
		{4EC0E5FC-D013-32F8-9339-C3680E7998DF}.Release|x64.Build.0 = Release|x64
		{4EC0E5FC-D013-32F8-9339-C3680E7998DF}.MinSizeRel|x64.ActiveCfg = MinSizeRel|x64
		{4EC0E5FC-D013-32F8-9339-C3680E7998DF}.MinSizeRel|x64.Build.0 = MinSizeRel|x64
		{4EC0E5FC-D013-32F8-9339-C3680E7998DF}.RelWithDebInfo|x64.ActiveCfg = RelWithDebInfo|x64
		{4EC0E5FC-D013-32F8-9339-C3680E7998DF}.RelWithDebInfo|x64.Build.0 = RelWithDebInfo|x64
		{E530CC3B-F452-364C-B8E6-34902E820ACB}.Debug|x64.ActiveCfg = Debug|x64
		{E530CC3B-F452-364C-B8E6-34902E820ACB}.Debug|x64.Build.0 = Debug|x64
		{E530CC3B-F452-364C-B8E6-34902E820ACB}.Release|x64.ActiveCfg = Release|x64
		{E530CC3B-F452-364C-B8E6-34902E820ACB}.Release|x64.Build.0 = Release|x64
		{E530CC3B-F452-364C-B8E6-34902E820ACB}.MinSizeRel|x64.ActiveCfg = MinSizeRel|x64
		{E530CC3B-F452-364C-B8E6-34902E820ACB}.MinSizeRel|x64.Build.0 = MinSizeRel|x64
		{E530CC3B-F452-364C-B8E6-34902E820ACB}.RelWithDebInfo|x64.ActiveCfg = RelWithDebInfo|x64
		{E530CC3B-F452-364C-B8E6-34902E820ACB}.RelWithDebInfo|x64.Build.0 = RelWithDebInfo|x64
		{2E1E7F7A-2404-3981-940A-9B4C8F50717A}.Debug|x64.ActiveCfg = Debug|x64
		{2E1E7F7A-2404-3981-940A-9B4C8F50717A}.Debug|x64.Build.0 = Debug|x64
		{2E1E7F7A-2404-3981-940A-9B4C8F50717A}.Release|x64.ActiveCfg = Release|x64
		{2E1E7F7A-2404-3981-940A-9B4C8F50717A}.Release|x64.Build.0 = Release|x64
		{2E1E7F7A-2404-3981-940A-9B4C8F50717A}.MinSizeRel|x64.ActiveCfg = MinSizeRel|x64
		{2E1E7F7A-2404-3981-940A-9B4C8F50717A}.MinSizeRel|x64.Build.0 = MinSizeRel|x64
		{2E1E7F7A-2404-3981-940A-9B4C8F50717A}.RelWithDebInfo|x64.ActiveCfg = RelWithDebInfo|x64
		{2E1E7F7A-2404-3981-940A-9B4C8F50717A}.RelWithDebInfo|x64.Build.0 = RelWithDebInfo|x64
		{50B23506-E0E2-34F9-9B79-C6B91EB84B5C}.Debug|x64.ActiveCfg = Debug|x64
		{50B23506-E0E2-34F9-9B79-C6B91EB84B5C}.Debug|x64.Build.0 = Debug|x64
		{50B23506-E0E2-34F9-9B79-C6B91EB84B5C}.Release|x64.ActiveCfg = Release|x64
		{50B23506-E0E2-34F9-9B79-C6B91EB84B5C}.Release|x64.Build.0 = Release|x64
		{50B23506-E0E2-34F9-9B79-C6B91EB84B5C}.MinSizeRel|x64.ActiveCfg = MinSizeRel|x64
		{50B23506-E0E2-34F9-9B79-C6B91EB84B5C}.MinSizeRel|x64.Build.0 = MinSizeRel|x64
		{50B23506-E0E2-34F9-9B79-C6B91EB84B5C}.RelWithDebInfo|x64.ActiveCfg = RelWithDebInfo|x64
		{50B23506-E0E2-34F9-9B79-C6B91EB84B5C}.RelWithDebInfo|x64.Build.0 = RelWithDebInfo|x64
		{9F6F19F1-A405-3402-9753-3A06580EB54E}.Debug|x64.ActiveCfg = Debug|x64
		{9F6F19F1-A405-3402-9753-3A06580EB54E}.Debug|x64.Build.0 = Debug|x64
		{9F6F19F1-A405-3402-9753-3A06580EB54E}.Release|x64.ActiveCfg = Release|x64
		{9F6F19F1-A405-3402-9753-3A06580EB54E}.Release|x64.Build.0 = Release|x64
		{9F6F19F1-A405-3402-9753-3A06580EB54E}.MinSizeRel|x64.ActiveCfg = MinSizeRel|x64
		{9F6F19F1-A405-3402-9753-3A06580EB54E}.MinSizeRel|x64.Build.0 = MinSizeRel|x64
		{9F6F19F1-A405-3402-9753-3A06580EB54E}.RelWithDebInfo|x64.ActiveCfg = RelWithDebInfo|x64
		{9F6F19F1-A405-3402-9753-3A06580EB54E}.RelWithDebInfo|x64.Build.0 = RelWithDebInfo|x64
		{618079D5-8EB3-3D04-BDC3-7EE82DB342AB}.Debug|x64.ActiveCfg = Debug|x64
		{618079D5-8EB3-3D04-BDC3-7EE82DB342AB}.Debug|x64.Build.0 = Debug|x64
		{618079D5-8EB3-3D04-BDC3-7EE82DB342AB}.Release|x64.ActiveCfg = Release|x64
		{618079D5-8EB3-3D04-BDC3-7EE82DB342AB}.Release|x64.Build.0 = Release|x64
		{618079D5-8EB3-3D04-BDC3-7EE82DB342AB}.MinSizeRel|x64.ActiveCfg = MinSizeRel|x64
		{618079D5-8EB3-3D04-BDC3-7EE82DB342AB}.MinSizeRel|x64.Build.0 = MinSizeRel|x64
		{618079D5-8EB3-3D04-BDC3-7EE82DB342AB}.RelWithDebInfo|x64.ActiveCfg = RelWithDebInfo|x64
		{618079D5-8EB3-3D04-BDC3-7EE82DB342AB}.RelWithDebInfo|x64.Build.0 = RelWithDebInfo|x64
		{327F8752-F4F5-315E-B4D1-8D931139DBAD}.Debug|x64.ActiveCfg = Debug|x64
		{327F8752-F4F5-315E-B4D1-8D931139DBAD}.Debug|x64.Build.0 = Debug|x64
		{327F8752-F4F5-315E-B4D1-8D931139DBAD}.Release|x64.ActiveCfg = Release|x64
		{327F8752-F4F5-315E-B4D1-8D931139DBAD}.Release|x64.Build.0 = Release|x64
		{327F8752-F4F5-315E-B4D1-8D931139DBAD}.MinSizeRel|x64.ActiveCfg = MinSizeRel|x64
		{327F8752-F4F5-315E-B4D1-8D931139DBAD}.MinSizeRel|x64.Build.0 = MinSizeRel|x64
		{327F8752-F4F5-315E-B4D1-8D931139DBAD}.RelWithDebInfo|x64.ActiveCfg = RelWithDebInfo|x64
		{327F8752-F4F5-315E-B4D1-8D931139DBAD}.RelWithDebInfo|x64.Build.0 = RelWithDebInfo|x64
		{1AB696FC-A832-39AD-8C00-C77204B324DB}.Debug|x64.ActiveCfg = Debug|x64
		{1AB696FC-A832-39AD-8C00-C77204B324DB}.Debug|x64.Build.0 = Debug|x64
		{1AB696FC-A832-39AD-8C00-C77204B324DB}.Release|x64.ActiveCfg = Release|x64
		{1AB696FC-A832-39AD-8C00-C77204B324DB}.Release|x64.Build.0 = Release|x64
		{1AB696FC-A832-39AD-8C00-C77204B324DB}.MinSizeRel|x64.ActiveCfg = MinSizeRel|x64
		{1AB696FC-A832-39AD-8C00-C77204B324DB}.MinSizeRel|x64.Build.0 = MinSizeRel|x64
		{1AB696FC-A832-39AD-8C00-C77204B324DB}.RelWithDebInfo|x64.ActiveCfg = RelWithDebInfo|x64
		{1AB696FC-A832-39AD-8C00-C77204B324DB}.RelWithDebInfo|x64.Build.0 = RelWithDebInfo|x64
		{FFFA8B1F-FF6A-3B44-A903-F481EE9FBA87}.Debug|x64.ActiveCfg = Debug|x64
		{FFFA8B1F-FF6A-3B44-A903-F481EE9FBA87}.Debug|x64.Build.0 = Debug|x64
		{FFFA8B1F-FF6A-3B44-A903-F481EE9FBA87}.Release|x64.ActiveCfg = Release|x64
		{FFFA8B1F-FF6A-3B44-A903-F481EE9FBA87}.Release|x64.Build.0 = Release|x64
		{FFFA8B1F-FF6A-3B44-A903-F481EE9FBA87}.MinSizeRel|x64.ActiveCfg = MinSizeRel|x64
		{FFFA8B1F-FF6A-3B44-A903-F481EE9FBA87}.MinSizeRel|x64.Build.0 = MinSizeRel|x64
		{FFFA8B1F-FF6A-3B44-A903-F481EE9FBA87}.RelWithDebInfo|x64.ActiveCfg = RelWithDebInfo|x64
		{FFFA8B1F-FF6A-3B44-A903-F481EE9FBA87}.RelWithDebInfo|x64.Build.0 = RelWithDebInfo|x64
		{51CDBB4F-29CA-35BA-8DC3-F85BE5819BD2}.Debug|x64.ActiveCfg = Debug|x64
		{51CDBB4F-29CA-35BA-8DC3-F85BE5819BD2}.Debug|x64.Build.0 = Debug|x64
		{51CDBB4F-29CA-35BA-8DC3-F85BE5819BD2}.Release|x64.ActiveCfg = Release|x64
		{51CDBB4F-29CA-35BA-8DC3-F85BE5819BD2}.Release|x64.Build.0 = Release|x64
		{51CDBB4F-29CA-35BA-8DC3-F85BE5819BD2}.MinSizeRel|x64.ActiveCfg = MinSizeRel|x64
		{51CDBB4F-29CA-35BA-8DC3-F85BE5819BD2}.MinSizeRel|x64.Build.0 = MinSizeRel|x64
		{51CDBB4F-29CA-35BA-8DC3-F85BE5819BD2}.RelWithDebInfo|x64.ActiveCfg = RelWithDebInfo|x64
		{51CDBB4F-29CA-35BA-8DC3-F85BE5819BD2}.RelWithDebInfo|x64.Build.0 = RelWithDebInfo|x64
		{72D1E9B4-99FF-3274-B237-657696F29933}.Debug|x64.ActiveCfg = Debug|x64
		{72D1E9B4-99FF-3274-B237-657696F29933}.Debug|x64.Build.0 = Debug|x64
		{72D1E9B4-99FF-3274-B237-657696F29933}.Release|x64.ActiveCfg = Release|x64
		{72D1E9B4-99FF-3274-B237-657696F29933}.Release|x64.Build.0 = Release|x64
		{72D1E9B4-99FF-3274-B237-657696F29933}.MinSizeRel|x64.ActiveCfg = MinSizeRel|x64
		{72D1E9B4-99FF-3274-B237-657696F29933}.MinSizeRel|x64.Build.0 = MinSizeRel|x64
		{72D1E9B4-99FF-3274-B237-657696F29933}.RelWithDebInfo|x64.ActiveCfg = RelWithDebInfo|x64
		{72D1E9B4-99FF-3274-B237-657696F29933}.RelWithDebInfo|x64.Build.0 = RelWithDebInfo|x64
		{DFFEA803-223A-3D1A-8ECF-58C4FA7294E2}.Debug|x64.ActiveCfg = Debug|x64
		{DFFEA803-223A-3D1A-8ECF-58C4FA7294E2}.Debug|x64.Build.0 = Debug|x64
		{DFFEA803-223A-3D1A-8ECF-58C4FA7294E2}.Release|x64.ActiveCfg = Release|x64
		{DFFEA803-223A-3D1A-8ECF-58C4FA7294E2}.Release|x64.Build.0 = Release|x64
		{DFFEA803-223A-3D1A-8ECF-58C4FA7294E2}.MinSizeRel|x64.ActiveCfg = MinSizeRel|x64
		{DFFEA803-223A-3D1A-8ECF-58C4FA7294E2}.MinSizeRel|x64.Build.0 = MinSizeRel|x64
		{DFFEA803-223A-3D1A-8ECF-58C4FA7294E2}.RelWithDebInfo|x64.ActiveCfg = RelWithDebInfo|x64
		{DFFEA803-223A-3D1A-8ECF-58C4FA7294E2}.RelWithDebInfo|x64.Build.0 = RelWithDebInfo|x64
		{88A9ED52-82EA-3679-80A3-345FBE8E298D}.Debug|x64.ActiveCfg = Debug|x64
		{88A9ED52-82EA-3679-80A3-345FBE8E298D}.Debug|x64.Build.0 = Debug|x64
		{88A9ED52-82EA-3679-80A3-345FBE8E298D}.Release|x64.ActiveCfg = Release|x64
		{88A9ED52-82EA-3679-80A3-345FBE8E298D}.Release|x64.Build.0 = Release|x64
		{88A9ED52-82EA-3679-80A3-345FBE8E298D}.MinSizeRel|x64.ActiveCfg = MinSizeRel|x64
		{88A9ED52-82EA-3679-80A3-345FBE8E298D}.MinSizeRel|x64.Build.0 = MinSizeRel|x64
		{88A9ED52-82EA-3679-80A3-345FBE8E298D}.RelWithDebInfo|x64.ActiveCfg = RelWithDebInfo|x64
		{88A9ED52-82EA-3679-80A3-345FBE8E298D}.RelWithDebInfo|x64.Build.0 = RelWithDebInfo|x64
		{7FF61DC3-720D-3215-AB16-DAED644A01FA}.Debug|x64.ActiveCfg = Debug|x64
		{7FF61DC3-720D-3215-AB16-DAED644A01FA}.Debug|x64.Build.0 = Debug|x64
		{7FF61DC3-720D-3215-AB16-DAED644A01FA}.Release|x64.ActiveCfg = Release|x64
		{7FF61DC3-720D-3215-AB16-DAED644A01FA}.Release|x64.Build.0 = Release|x64
		{7FF61DC3-720D-3215-AB16-DAED644A01FA}.MinSizeRel|x64.ActiveCfg = MinSizeRel|x64
		{7FF61DC3-720D-3215-AB16-DAED644A01FA}.MinSizeRel|x64.Build.0 = MinSizeRel|x64
		{7FF61DC3-720D-3215-AB16-DAED644A01FA}.RelWithDebInfo|x64.ActiveCfg = RelWithDebInfo|x64
		{7FF61DC3-720D-3215-AB16-DAED644A01FA}.RelWithDebInfo|x64.Build.0 = RelWithDebInfo|x64
		{6AF1AF5B-0A8E-3741-941F-70548B350062}.Debug|x64.ActiveCfg = Debug|x64
		{6AF1AF5B-0A8E-3741-941F-70548B350062}.Debug|x64.Build.0 = Debug|x64
		{6AF1AF5B-0A8E-3741-941F-70548B350062}.Release|x64.ActiveCfg = Release|x64
		{6AF1AF5B-0A8E-3741-941F-70548B350062}.Release|x64.Build.0 = Release|x64
		{6AF1AF5B-0A8E-3741-941F-70548B350062}.MinSizeRel|x64.ActiveCfg = MinSizeRel|x64
		{6AF1AF5B-0A8E-3741-941F-70548B350062}.MinSizeRel|x64.Build.0 = MinSizeRel|x64
		{6AF1AF5B-0A8E-3741-941F-70548B350062}.RelWithDebInfo|x64.ActiveCfg = RelWithDebInfo|x64
		{6AF1AF5B-0A8E-3741-941F-70548B350062}.RelWithDebInfo|x64.Build.0 = RelWithDebInfo|x64
		{B6F93E2E-A6B3-3029-8C33-DBCA5F05B9B1}.Debug|x64.ActiveCfg = Debug|x64
		{B6F93E2E-A6B3-3029-8C33-DBCA5F05B9B1}.Debug|x64.Build.0 = Debug|x64
		{B6F93E2E-A6B3-3029-8C33-DBCA5F05B9B1}.Release|x64.ActiveCfg = Release|x64
		{B6F93E2E-A6B3-3029-8C33-DBCA5F05B9B1}.Release|x64.Build.0 = Release|x64
		{B6F93E2E-A6B3-3029-8C33-DBCA5F05B9B1}.MinSizeRel|x64.ActiveCfg = MinSizeRel|x64
		{B6F93E2E-A6B3-3029-8C33-DBCA5F05B9B1}.MinSizeRel|x64.Build.0 = MinSizeRel|x64
		{B6F93E2E-A6B3-3029-8C33-DBCA5F05B9B1}.RelWithDebInfo|x64.ActiveCfg = RelWithDebInfo|x64
		{B6F93E2E-A6B3-3029-8C33-DBCA5F05B9B1}.RelWithDebInfo|x64.Build.0 = RelWithDebInfo|x64
		{6F35A46B-BF81-3239-A427-55E09C3FECFE}.Debug|x64.ActiveCfg = Debug|x64
		{6F35A46B-BF81-3239-A427-55E09C3FECFE}.Debug|x64.Build.0 = Debug|x64
		{6F35A46B-BF81-3239-A427-55E09C3FECFE}.Release|x64.ActiveCfg = Release|x64
		{6F35A46B-BF81-3239-A427-55E09C3FECFE}.Release|x64.Build.0 = Release|x64
		{6F35A46B-BF81-3239-A427-55E09C3FECFE}.MinSizeRel|x64.ActiveCfg = MinSizeRel|x64
		{6F35A46B-BF81-3239-A427-55E09C3FECFE}.MinSizeRel|x64.Build.0 = MinSizeRel|x64
		{6F35A46B-BF81-3239-A427-55E09C3FECFE}.RelWithDebInfo|x64.ActiveCfg = RelWithDebInfo|x64
		{6F35A46B-BF81-3239-A427-55E09C3FECFE}.RelWithDebInfo|x64.Build.0 = RelWithDebInfo|x64
		{2A2BDF38-BBD0-358A-B6B4-F195600792AA}.Debug|x64.ActiveCfg = Debug|x64
		{2A2BDF38-BBD0-358A-B6B4-F195600792AA}.Debug|x64.Build.0 = Debug|x64
		{2A2BDF38-BBD0-358A-B6B4-F195600792AA}.Release|x64.ActiveCfg = Release|x64
		{2A2BDF38-BBD0-358A-B6B4-F195600792AA}.Release|x64.Build.0 = Release|x64
		{2A2BDF38-BBD0-358A-B6B4-F195600792AA}.MinSizeRel|x64.ActiveCfg = MinSizeRel|x64
		{2A2BDF38-BBD0-358A-B6B4-F195600792AA}.MinSizeRel|x64.Build.0 = MinSizeRel|x64
		{2A2BDF38-BBD0-358A-B6B4-F195600792AA}.RelWithDebInfo|x64.ActiveCfg = RelWithDebInfo|x64
		{2A2BDF38-BBD0-358A-B6B4-F195600792AA}.RelWithDebInfo|x64.Build.0 = RelWithDebInfo|x64
		{53DACE36-FBD8-38E7-91FB-3A16DB95F1E2}.Debug|x64.ActiveCfg = Debug|x64
		{53DACE36-FBD8-38E7-91FB-3A16DB95F1E2}.Release|x64.ActiveCfg = Release|x64
		{53DACE36-FBD8-38E7-91FB-3A16DB95F1E2}.MinSizeRel|x64.ActiveCfg = MinSizeRel|x64
		{53DACE36-FBD8-38E7-91FB-3A16DB95F1E2}.RelWithDebInfo|x64.ActiveCfg = RelWithDebInfo|x64
		{04F2A1CF-D80E-391F-93D8-B237A75DCE25}.Debug|x64.ActiveCfg = Debug|x64
		{04F2A1CF-D80E-391F-93D8-B237A75DCE25}.Debug|x64.Build.0 = Debug|x64
		{04F2A1CF-D80E-391F-93D8-B237A75DCE25}.Release|x64.ActiveCfg = Release|x64
		{04F2A1CF-D80E-391F-93D8-B237A75DCE25}.Release|x64.Build.0 = Release|x64
		{04F2A1CF-D80E-391F-93D8-B237A75DCE25}.MinSizeRel|x64.ActiveCfg = MinSizeRel|x64
		{04F2A1CF-D80E-391F-93D8-B237A75DCE25}.MinSizeRel|x64.Build.0 = MinSizeRel|x64
		{04F2A1CF-D80E-391F-93D8-B237A75DCE25}.RelWithDebInfo|x64.ActiveCfg = RelWithDebInfo|x64
		{04F2A1CF-D80E-391F-93D8-B237A75DCE25}.RelWithDebInfo|x64.Build.0 = RelWithDebInfo|x64
		{A778F2A1-5B1C-3A7C-A17A-533DA8817EA7}.Debug|x64.ActiveCfg = Debug|x64
		{A778F2A1-5B1C-3A7C-A17A-533DA8817EA7}.Debug|x64.Build.0 = Debug|x64
		{A778F2A1-5B1C-3A7C-A17A-533DA8817EA7}.Release|x64.ActiveCfg = Release|x64
		{A778F2A1-5B1C-3A7C-A17A-533DA8817EA7}.Release|x64.Build.0 = Release|x64
		{A778F2A1-5B1C-3A7C-A17A-533DA8817EA7}.MinSizeRel|x64.ActiveCfg = MinSizeRel|x64
		{A778F2A1-5B1C-3A7C-A17A-533DA8817EA7}.MinSizeRel|x64.Build.0 = MinSizeRel|x64
		{A778F2A1-5B1C-3A7C-A17A-533DA8817EA7}.RelWithDebInfo|x64.ActiveCfg = RelWithDebInfo|x64
		{A778F2A1-5B1C-3A7C-A17A-533DA8817EA7}.RelWithDebInfo|x64.Build.0 = RelWithDebInfo|x64
		{332C2B7B-17CD-328B-B151-82DBC9F39A3A}.Debug|x64.ActiveCfg = Debug|x64
		{332C2B7B-17CD-328B-B151-82DBC9F39A3A}.Debug|x64.Build.0 = Debug|x64
		{332C2B7B-17CD-328B-B151-82DBC9F39A3A}.Release|x64.ActiveCfg = Release|x64
		{332C2B7B-17CD-328B-B151-82DBC9F39A3A}.Release|x64.Build.0 = Release|x64
		{332C2B7B-17CD-328B-B151-82DBC9F39A3A}.MinSizeRel|x64.ActiveCfg = MinSizeRel|x64
		{332C2B7B-17CD-328B-B151-82DBC9F39A3A}.MinSizeRel|x64.Build.0 = MinSizeRel|x64
		{332C2B7B-17CD-328B-B151-82DBC9F39A3A}.RelWithDebInfo|x64.ActiveCfg = RelWithDebInfo|x64
		{332C2B7B-17CD-328B-B151-82DBC9F39A3A}.RelWithDebInfo|x64.Build.0 = RelWithDebInfo|x64
	EndGlobalSection
	GlobalSection(NestedProjects) = preSolution
		{887BC8AF-6384-33A2-9B2A-E4A7C01424DF} = {9E84B1A7-C83E-326F-8541-37D39C355A09}
		{ED184F39-6C7F-3EFC-ACF4-EF3A690E376B} = {9E84B1A7-C83E-326F-8541-37D39C355A09}
		{AE008863-625D-3459-AA4B-D616D3077499} = {9E84B1A7-C83E-326F-8541-37D39C355A09}
		{68714C0C-9D15-3C86-BCA3-D144383AA09D} = {9E84B1A7-C83E-326F-8541-37D39C355A09}
		{04C1435F-67F6-31DF-B94F-D27D8BE42956} = {F277E4C4-D71B-39FF-8852-C54C63AA47CD}
		{584FBDB5-7F63-35FD-A652-7520375017F1} = {F277E4C4-D71B-39FF-8852-C54C63AA47CD}
		{10274ED8-E5AF-3A02-8185-2CA72D4690FD} = {F277E4C4-D71B-39FF-8852-C54C63AA47CD}
		{EC887101-BD7F-3261-8A41-49AA69370678} = {F277E4C4-D71B-39FF-8852-C54C63AA47CD}
		{618079D5-8EB3-3D04-BDC3-7EE82DB342AB} = {CE140BAB-9E40-3914-89A9-265960DBBD01}
		{332C2B7B-17CD-328B-B151-82DBC9F39A3A} = {CE140BAB-9E40-3914-89A9-265960DBBD01}
		{53DACE36-FBD8-38E7-91FB-3A16DB95F1E2} = {A7E48575-C461-3FA5-8FA2-B24DF74F3A15}
		{B6F93E2E-A6B3-3029-8C33-DBCA5F05B9B1} = {BB04E9E2-8401-340C-8094-5B66AFC60207}
	EndGlobalSection
	GlobalSection(ExtensibilityGlobals) = postSolution
		SolutionGuid = {DF377B49-878E-3F0B-99B5-95BCF0B363DE}
	EndGlobalSection
	GlobalSection(ExtensibilityAddIns) = postSolution
	EndGlobalSection
EndGlobal
