<?xml version="1.0" encoding="utf-8"?>
<Project ToolsVersion="18.0" xmlns="http://schemas.microsoft.com/developer/msbuild/2003">
  <ItemGroup>
    <ClCompile Include="D:\MHWS\REFramework\examples\weapon_stay_big_plugin\weapon_stay_big.cpp">
      <Filter>examples\weapon_stay_big_plugin</Filter>
    </ClCompile>
  </ItemGroup>
  <ItemGroup>
    <CustomBuild Include="D:\MHWS\REFramework\CMakeLists.txt" />
  </ItemGroup>
  <ItemGroup>
    <None Include="D:\MHWS\REFramework\cmake.toml" />
  </ItemGroup>
  <ItemGroup>
    <Filter Include="examples">
      <UniqueIdentifier>{64A09508-0C8F-3655-B426-940C91380BE3}</UniqueIdentifier>
    </Filter>
    <Filter Include="examples\weapon_stay_big_plugin">
      <UniqueIdentifier>{EF66F121-3594-3FF0-8788-2E70A666EFED}</UniqueIdentifier>
    </Filter>
  </ItemGroup>
</Project>
